// !$*UTF8*$!
{
	archiveVersion = 1;
	classes = {
	};
	objectVersion = 50;
	objects = {

/* Begin PBXBuildFile section */
		F467681323FC6EB6007DB4E0 /* FrameExtractor.swift in Sources */ = {isa = PBXBuildFile; fileRef = F467681223FC6EB6007DB4E0 /* FrameExtractor.swift */; };
		F467681523FCF0FC007DB4E0 /* AVCaptureDevice.swift in Sources */ = {isa = PBXBuildFile; fileRef = F467681423FCF0FC007DB4E0 /* AVCaptureDevice.swift */; };
		F47C771723FBFA5A00CA4DF4 /* AVManager.swift in Sources */ = {isa = PBXBuildFile; fileRef = F47C771623FBFA5A00CA4DF4 /* AVManager.swift */; };
		F47C771923FBFAA300CA4DF4 /* VideoManager.swift in Sources */ = {isa = PBXBuildFile; fileRef = F47C771823FBFAA300CA4DF4 /* VideoManager.swift */; };
		F494F8C323FAB0A90034DC0B /* AppDelegate.swift in Sources */ = {isa = PBXBuildFile; fileRef = F494F8C223FAB0A90034DC0B /* AppDelegate.swift */; };
		F494F8C523FAB0A90034DC0B /* SceneDelegate.swift in Sources */ = {isa = PBXBuildFile; fileRef = F494F8C423FAB0A90034DC0B /* SceneDelegate.swift */; };
		F494F8C723FAB0A90034DC0B /* ViewController.swift in Sources */ = {isa = PBXBuildFile; fileRef = F494F8C623FAB0A90034DC0B /* ViewController.swift */; };
		F494F8CA23FAB0A90034DC0B /* Main.storyboard in Resources */ = {isa = PBXBuildFile; fileRef = F494F8C823FAB0A90034DC0B /* Main.storyboard */; };
		F494F8CC23FAB0AB0034DC0B /* Assets.xcassets in Resources */ = {isa = PBXBuildFile; fileRef = F494F8CB23FAB0AB0034DC0B /* Assets.xcassets */; };
		F494F8CF23FAB0AB0034DC0B /* LaunchScreen.storyboard in Resources */ = {isa = PBXBuildFile; fileRef = F494F8CD23FAB0AB0034DC0B /* LaunchScreen.storyboard */; };
		F494F8D723FAB0E30034DC0B /* TextExtractorVC.swift in Sources */ = {isa = PBXBuildFile; fileRef = F494F8D623FAB0E30034DC0B /* TextExtractorVC.swift */; };
		F494F8DA23FAB1500034DC0B /* CGPoint.swift in Sources */ = {isa = PBXBuildFile; fileRef = F494F8D923FAB1500034DC0B /* CGPoint.swift */; };
/* End PBXBuildFile section */

/* Begin PBXFileReference section */
		F467681223FC6EB6007DB4E0 /* FrameExtractor.swift */ = {isa = PBXFileReference; lastKnownFileType = sourcecode.swift; path = FrameExtractor.swift; sourceTree = "<group>"; };
		F467681423FCF0FC007DB4E0 /* AVCaptureDevice.swift */ = {isa = PBXFileReference; lastKnownFileType = sourcecode.swift; path = AVCaptureDevice.swift; sourceTree = "<group>"; };
		F47C771623FBFA5A00CA4DF4 /* AVManager.swift */ = {isa = PBXFileReference; lastKnownFileType = sourcecode.swift; path = AVManager.swift; sourceTree = "<group>"; };
		F47C771823FBFAA300CA4DF4 /* VideoManager.swift */ = {isa = PBXFileReference; lastKnownFileType = sourcecode.swift; path = VideoManager.swift; sourceTree = "<group>"; };
		F494F8BF23FAB0A90034DC0B /* AIT-CardScanner.app */ = {isa = PBXFileReference; explicitFileType = wrapper.application; includeInIndex = 0; path = "AIT-CardScanner.app"; sourceTree = BUILT_PRODUCTS_DIR; };
		F494F8C223FAB0A90034DC0B /* AppDelegate.swift */ = {isa = PBXFileReference; lastKnownFileType = sourcecode.swift; path = AppDelegate.swift; sourceTree = "<group>"; };
		F494F8C423FAB0A90034DC0B /* SceneDelegate.swift */ = {isa = PBXFileReference; lastKnownFileType = sourcecode.swift; path = SceneDelegate.swift; sourceTree = "<group>"; };
		F494F8C623FAB0A90034DC0B /* ViewController.swift */ = {isa = PBXFileReference; lastKnownFileType = sourcecode.swift; path = ViewController.swift; sourceTree = "<group>"; };
		F494F8C923FAB0A90034DC0B /* Base */ = {isa = PBXFileReference; lastKnownFileType = file.storyboard; name = Base; path = Base.lproj/Main.storyboard; sourceTree = "<group>"; };
		F494F8CB23FAB0AB0034DC0B /* Assets.xcassets */ = {isa = PBXFileReference; lastKnownFileType = folder.assetcatalog; path = Assets.xcassets; sourceTree = "<group>"; };
		F494F8CE23FAB0AB0034DC0B /* Base */ = {isa = PBXFileReference; lastKnownFileType = file.storyboard; name = Base; path = Base.lproj/LaunchScreen.storyboard; sourceTree = "<group>"; };
		F494F8D023FAB0AB0034DC0B /* Info.plist */ = {isa = PBXFileReference; lastKnownFileType = text.plist.xml; path = Info.plist; sourceTree = "<group>"; };
		F494F8D623FAB0E30034DC0B /* TextExtractorVC.swift */ = {isa = PBXFileReference; lastKnownFileType = sourcecode.swift; path = TextExtractorVC.swift; sourceTree = "<group>"; };
		F494F8D923FAB1500034DC0B /* CGPoint.swift */ = {isa = PBXFileReference; lastKnownFileType = sourcecode.swift; path = CGPoint.swift; sourceTree = "<group>"; };
/* End PBXFileReference section */

/* Begin PBXFrameworksBuildPhase section */
		F494F8BC23FAB0A90034DC0B /* Frameworks */ = {
			isa = PBXFrameworksBuildPhase;
			buildActionMask = 2147483647;
			files = (
			);
			runOnlyForDeploymentPostprocessing = 0;
		};
/* End PBXFrameworksBuildPhase section */

/* Begin PBXGroup section */
		F47C771523FBFA3700CA4DF4 /* Protocols */ = {
			isa = PBXGroup;
			children = (
				F47C771623FBFA5A00CA4DF4 /* AVManager.swift */,
			);
			path = Protocols;
			sourceTree = "<group>";
		};
		F494F8B623FAB0A90034DC0B = {
			isa = PBXGroup;
			children = (
				F494F8C123FAB0A90034DC0B /* AIT-CardScanner */,
				F494F8C023FAB0A90034DC0B /* Products */,
			);
			sourceTree = "<group>";
		};
		F494F8C023FAB0A90034DC0B /* Products */ = {
			isa = PBXGroup;
			children = (
				F494F8BF23FAB0A90034DC0B /* AIT-CardScanner.app */,
			);
			name = Products;
			sourceTree = "<group>";
		};
		F494F8C123FAB0A90034DC0B /* AIT-CardScanner */ = {
			isa = PBXGroup;
			children = (
				F47C771523FBFA3700CA4DF4 /* Protocols */,
				F494F8D823FAB1440034DC0B /* Extension */,
				F494F8C223FAB0A90034DC0B /* AppDelegate.swift */,
				F494F8C423FAB0A90034DC0B /* SceneDelegate.swift */,
				F494F8C623FAB0A90034DC0B /* ViewController.swift */,
				F494F8D623FAB0E30034DC0B /* TextExtractorVC.swift */,
				F47C771823FBFAA300CA4DF4 /* VideoManager.swift */,
				F494F8C823FAB0A90034DC0B /* Main.storyboard */,
				F494F8CB23FAB0AB0034DC0B /* Assets.xcassets */,
				F494F8CD23FAB0AB0034DC0B /* LaunchScreen.storyboard */,
				F494F8D023FAB0AB0034DC0B /* Info.plist */,
				F467681223FC6EB6007DB4E0 /* FrameExtractor.swift */,
			);
			path = "AIT-CardScanner";
			sourceTree = "<group>";
		};
		F494F8D823FAB1440034DC0B /* Extension */ = {
			isa = PBXGroup;
			children = (
				F494F8D923FAB1500034DC0B /* CGPoint.swift */,
				F467681423FCF0FC007DB4E0 /* AVCaptureDevice.swift */,
			);
			path = Extension;
			sourceTree = "<group>";
		};
/* End PBXGroup section */

/* Begin PBXNativeTarget section */
		F494F8BE23FAB0A90034DC0B /* AIT-CardScanner */ = {
			isa = PBXNativeTarget;
			buildConfigurationList = F494F8D323FAB0AB0034DC0B /* Build configuration list for PBXNativeTarget "AIT-CardScanner" */;
			buildPhases = (
				F494F8BB23FAB0A90034DC0B /* Sources */,
				F494F8BC23FAB0A90034DC0B /* Frameworks */,
				F494F8BD23FAB0A90034DC0B /* Resources */,
			);
			buildRules = (
			);
			dependencies = (
			);
			name = "AIT-CardScanner";
			productName = "AIT-CardScanner";
			productReference = F494F8BF23FAB0A90034DC0B /* AIT-CardScanner.app */;
			productType = "com.apple.product-type.application";
		};
/* End PBXNativeTarget section */

/* Begin PBXProject section */
		F494F8B723FAB0A90034DC0B /* Project object */ = {
			isa = PBXProject;
			attributes = {
				LastSwiftUpdateCheck = 1130;
				LastUpgradeCheck = 1130;
				ORGANIZATIONNAME = shndrs;
				TargetAttributes = {
					F494F8BE23FAB0A90034DC0B = {
						CreatedOnToolsVersion = 11.3;
					};
				};
			};
			buildConfigurationList = F494F8BA23FAB0A90034DC0B /* Build configuration list for PBXProject "AIT-CardScanner" */;
			compatibilityVersion = "Xcode 9.3";
			developmentRegion = en;
			hasScannedForEncodings = 0;
			knownRegions = (
				en,
				Base,
			);
			mainGroup = F494F8B623FAB0A90034DC0B;
			productRefGroup = F494F8C023FAB0A90034DC0B /* Products */;
			projectDirPath = "";
			projectRoot = "";
			targets = (
				F494F8BE23FAB0A90034DC0B /* AIT-CardScanner */,
			);
		};
/* End PBXProject section */

/* Begin PBXResourcesBuildPhase section */
		F494F8BD23FAB0A90034DC0B /* Resources */ = {
			isa = PBXResourcesBuildPhase;
			buildActionMask = 2147483647;
			files = (
				F494F8CF23FAB0AB0034DC0B /* LaunchScreen.storyboard in Resources */,
				F494F8CC23FAB0AB0034DC0B /* Assets.xcassets in Resources */,
				F494F8CA23FAB0A90034DC0B /* Main.storyboard in Resources */,
			);
			runOnlyForDeploymentPostprocessing = 0;
		};
/* End PBXResourcesBuildPhase section */

/* Begin PBXSourcesBuildPhase section */
		F494F8BB23FAB0A90034DC0B /* Sources */ = {
			isa = PBXSourcesBuildPhase;
			buildActionMask = 2147483647;
			files = (
				F47C771723FBFA5A00CA4DF4 /* AVManager.swift in Sources */,
				F494F8C723FAB0A90034DC0B /* ViewController.swift in Sources */,
				F494F8C323FAB0A90034DC0B /* AppDelegate.swift in Sources */,
				F47C771923FBFAA300CA4DF4 /* VideoManager.swift in Sources */,
				F494F8D723FAB0E30034DC0B /* TextExtractorVC.swift in Sources */,
				F494F8DA23FAB1500034DC0B /* CGPoint.swift in Sources */,
				F467681523FCF0FC007DB4E0 /* AVCaptureDevice.swift in Sources */,
				F467681323FC6EB6007DB4E0 /* FrameExtractor.swift in Sources */,
				F494F8C523FAB0A90034DC0B /* SceneDelegate.swift in Sources */,
			);
			runOnlyForDeploymentPostprocessing = 0;
		};
/* End PBXSourcesBuildPhase section */

/* Begin PBXVariantGroup section */
		F494F8C823FAB0A90034DC0B /* Main.storyboard */ = {
			isa = PBXVariantGroup;
			children = (
				F494F8C923FAB0A90034DC0B /* Base */,
			);
			name = Main.storyboard;
			sourceTree = "<group>";
		};
		F494F8CD23FAB0AB0034DC0B /* LaunchScreen.storyboard */ = {
			isa = PBXVariantGroup;
			children = (
				F494F8CE23FAB0AB0034DC0B /* Base */,
			);
			name = LaunchScreen.storyboard;
			sourceTree = "<group>";
		};
/* End PBXVariantGroup section */

/* Begin XCBuildConfiguration section */
		F494F8D123FAB0AB0034DC0B /* Debug */ = {
			isa = XCBuildConfiguration;
			buildSettings = {
				ALWAYS_SEARCH_USER_PATHS = NO;
				CLANG_ANALYZER_NONNULL = YES;
				CLANG_ANALYZER_NUMBER_OBJECT_CONVERSION = YES_AGGRESSIVE;
				CLANG_CXX_LANGUAGE_STANDARD = "gnu++14";
				CLANG_CXX_LIBRARY = "libc++";
				CLANG_ENABLE_MODULES = YES;
				CLANG_ENABLE_OBJC_ARC = YES;
				CLANG_ENABLE_OBJC_WEAK = YES;
				CLANG_WARN_BLOCK_CAPTURE_AUTORELEASING = YES;
				CLANG_WARN_BOOL_CONVERSION = YES;
				CLANG_WARN_COMMA = YES;
				CLANG_WARN_CONSTANT_CONVERSION = YES;
				CLANG_WARN_DEPRECATED_OBJC_IMPLEMENTATIONS = YES;
				CLANG_WARN_DIRECT_OBJC_ISA_USAGE = YES_ERROR;
				CLANG_WARN_DOCUMENTATION_COMMENTS = YES;
				CLANG_WARN_EMPTY_BODY = YES;
				CLANG_WARN_ENUM_CONVERSION = YES;
				CLANG_WARN_INFINITE_RECURSION = YES;
				CLANG_WARN_INT_CONVERSION = YES;
				CLANG_WARN_NON_LITERAL_NULL_CONVERSION = YES;
				CLANG_WARN_OBJC_IMPLICIT_RETAIN_SELF = YES;
				CLANG_WARN_OBJC_LITERAL_CONVERSION = YES;
				CLANG_WARN_OBJC_ROOT_CLASS = YES_ERROR;
				CLANG_WARN_RANGE_LOOP_ANALYSIS = YES;
				CLANG_WARN_STRICT_PROTOTYPES = YES;
				CLANG_WARN_SUSPICIOUS_MOVE = YES;
				CLANG_WARN_UNGUARDED_AVAILABILITY = YES_AGGRESSIVE;
				CLANG_WARN_UNREACHABLE_CODE = YES;
				CLANG_WARN__DUPLICATE_METHOD_MATCH = YES;
				COPY_PHASE_STRIP = NO;
				DEBUG_INFORMATION_FORMAT = dwarf;
				ENABLE_STRICT_OBJC_MSGSEND = YES;
				ENABLE_TESTABILITY = YES;
				GCC_C_LANGUAGE_STANDARD = gnu11;
				GCC_DYNAMIC_NO_PIC = NO;
				GCC_NO_COMMON_BLOCKS = YES;
				GCC_OPTIMIZATION_LEVEL = 0;
				GCC_PREPROCESSOR_DEFINITIONS = (
					"DEBUG=1",
					"$(inherited)",
				);
				GCC_WARN_64_TO_32_BIT_CONVERSION = YES;
				GCC_WARN_ABOUT_RETURN_TYPE = YES_ERROR;
				GCC_WARN_UNDECLARED_SELECTOR = YES;
				GCC_WARN_UNINITIALIZED_AUTOS = YES_AGGRESSIVE;
				GCC_WARN_UNUSED_FUNCTION = YES;
				GCC_WARN_UNUSED_VARIABLE = YES;
				IPHONEOS_DEPLOYMENT_TARGET = 13.2;
				MTL_ENABLE_DEBUG_INFO = INCLUDE_SOURCE;
				MTL_FAST_MATH = YES;
				ONLY_ACTIVE_ARCH = YES;
				SDKROOT = iphoneos;
				SWIFT_ACTIVE_COMPILATION_CONDITIONS = DEBUG;
				SWIFT_OPTIMIZATION_LEVEL = "-Onone";
			};
			name = Debug;
		};
		F494F8D223FAB0AB0034DC0B /* Release */ = {
			isa = XCBuildConfiguration;
			buildSettings = {
				ALWAYS_SEARCH_USER_PATHS = NO;
				CLANG_ANALYZER_NONNULL = YES;
				CLANG_ANALYZER_NUMBER_OBJECT_CONVERSION = YES_AGGRESSIVE;
				CLANG_CXX_LANGUAGE_STANDARD = "gnu++14";
				CLANG_CXX_LIBRARY = "libc++";
				CLANG_ENABLE_MODULES = YES;
				CLANG_ENABLE_OBJC_ARC = YES;
				CLANG_ENABLE_OBJC_WEAK = YES;
				CLANG_WARN_BLOCK_CAPTURE_AUTORELEASING = YES;
				CLANG_WARN_BOOL_CONVERSION = YES;
				CLANG_WARN_COMMA = YES;
				CLANG_WARN_CONSTANT_CONVERSION = YES;
				CLANG_WARN_DEPRECATED_OBJC_IMPLEMENTATIONS = YES;
				CLANG_WARN_DIRECT_OBJC_ISA_USAGE = YES_ERROR;
				CLANG_WARN_DOCUMENTATION_COMMENTS = YES;
				CLANG_WARN_EMPTY_BODY = YES;
				CLANG_WARN_ENUM_CONVERSION = YES;
				CLANG_WARN_INFINITE_RECURSION = YES;
				CLANG_WARN_INT_CONVERSION = YES;
				CLANG_WARN_NON_LITERAL_NULL_CONVERSION = YES;
				CLANG_WARN_OBJC_IMPLICIT_RETAIN_SELF = YES;
				CLANG_WARN_OBJC_LITERAL_CONVERSION = YES;
				CLANG_WARN_OBJC_ROOT_CLASS = YES_ERROR;
				CLANG_WARN_RANGE_LOOP_ANALYSIS = YES;
				CLANG_WARN_STRICT_PROTOTYPES = YES;
				CLANG_WARN_SUSPICIOUS_MOVE = YES;
				CLANG_WARN_UNGUARDED_AVAILABILITY = YES_AGGRESSIVE;
				CLANG_WARN_UNREACHABLE_CODE = YES;
				CLANG_WARN__DUPLICATE_METHOD_MATCH = YES;
				COPY_PHASE_STRIP = NO;
				DEBUG_INFORMATION_FORMAT = "dwarf-with-dsym";
				ENABLE_NS_ASSERTIONS = NO;
				ENABLE_STRICT_OBJC_MSGSEND = YES;
				GCC_C_LANGUAGE_STANDARD = gnu11;
				GCC_NO_COMMON_BLOCKS = YES;
				GCC_WARN_64_TO_32_BIT_CONVERSION = YES;
				GCC_WARN_ABOUT_RETURN_TYPE = YES_ERROR;
				GCC_WARN_UNDECLARED_SELECTOR = YES;
				GCC_WARN_UNINITIALIZED_AUTOS = YES_AGGRESSIVE;
				GCC_WARN_UNUSED_FUNCTION = YES;
				GCC_WARN_UNUSED_VARIABLE = YES;
				IPHONEOS_DEPLOYMENT_TARGET = 13.2;
				MTL_ENABLE_DEBUG_INFO = NO;
				MTL_FAST_MATH = YES;
				SDKROOT = iphoneos;
				SWIFT_COMPILATION_MODE = wholemodule;
				SWIFT_OPTIMIZATION_LEVEL = "-O";
				VALIDATE_PRODUCT = YES;
			};
			name = Release;
		};
		F494F8D423FAB0AB0034DC0B /* Debug */ = {
			isa = XCBuildConfiguration;
			buildSettings = {
				ASSETCATALOG_COMPILER_APPICON_NAME = AppIcon;
				CODE_SIGN_IDENTITY = "Apple Development";
				CODE_SIGN_STYLE = Automatic;
				DEVELOPMENT_TEAM = PCRT3FWAQP;
				INFOPLIST_FILE = "AIT-CardScanner/Info.plist";
				LD_RUNPATH_SEARCH_PATHS = (
					"$(inherited)",
					"@executable_path/Frameworks",
				);
				PRODUCT_BUNDLE_IDENTIFIER = "co.shndrs.AIT-CardScanner--AIT";
				PRODUCT_NAME = "$(TARGET_NAME)";
				PROVISIONING_PROFILE_SPECIFIER = "";
				SWIFT_VERSION = 5.0;
				TARGETED_DEVICE_FAMILY = "1,2";
			};
			name = Debug;
		};
		F494F8D523FAB0AB0034DC0B /* Release */ = {
			isa = XCBuildConfiguration;
			buildSettings = {
				ASSETCATALOG_COMPILER_APPICON_NAME = AppIcon;
				CODE_SIGN_IDENTITY = "Apple Development";
				CODE_SIGN_STYLE = Automatic;
				DEVELOPMENT_TEAM = PCRT3FWAQP;
				INFOPLIST_FILE = "AIT-CardScanner/Info.plist";
				LD_RUNPATH_SEARCH_PATHS = (
					"$(inherited)",
					"@executable_path/Frameworks",
				);
				PRODUCT_BUNDLE_IDENTIFIER = "co.shndrs.AIT-CardScanner--AIT";
				PRODUCT_NAME = "$(TARGET_NAME)";
				PROVISIONING_PROFILE_SPECIFIER = "";
				SWIFT_VERSION = 5.0;
				TARGETED_DEVICE_FAMILY = "1,2";
			};
			name = Release;
		};
/* End XCBuildConfiguration section */

/* Begin XCConfigurationList section */
		F494F8BA23FAB0A90034DC0B /* Build configuration list for PBXProject "AIT-CardScanner" */ = {
			isa = XCConfigurationList;
			buildConfigurations = (
				F494F8D123FAB0AB0034DC0B /* Debug */,
				F494F8D223FAB0AB0034DC0B /* Release */,
			);
			defaultConfigurationIsVisible = 0;
			defaultConfigurationName = Release;
		};
		F494F8D323FAB0AB0034DC0B /* Build configuration list for PBXNativeTarget "AIT-CardScanner" */ = {
			isa = XCConfigurationList;
			buildConfigurations = (
				F494F8D423FAB0AB0034DC0B /* Debug */,
				F494F8D523FAB0AB0034DC0B /* Release */,
			);
			defaultConfigurationIsVisible = 0;
			defaultConfigurationName = Release;
		};
/* End XCConfigurationList section */
	};
	rootObject = F494F8B723FAB0A90034DC0B /* Project object */;
}
