// !$*UTF8*$!
{
	archiveVersion = 1;
	classes = {
	};
	objectVersion = 51;
	objects = {

/* Begin PBXBuildFile section */
		7236322524AB18BF00BD4375 /* AppDelegate.swift in Sources */ = {isa = PBXBuildFile; fileRef = 7236322424AB18BF00BD4375 /* AppDelegate.swift */; };
		7236322724AB18BF00BD4375 /* SceneDelegate.swift in Sources */ = {isa = PBXBuildFile; fileRef = 7236322624AB18BF00BD4375 /* SceneDelegate.swift */; };
		7236322E24AB18C100BD4375 /* Assets.xcassets in Resources */ = {isa = PBXBuildFile; fileRef = 7236322D24AB18C100BD4375 /* Assets.xcassets */; };
		7236323124AB18C100BD4375 /* LaunchScreen.storyboard in Resources */ = {isa = PBXBuildFile; fileRef = 7236322F24AB18C100BD4375 /* LaunchScreen.storyboard */; };
		72728C1B24DC635A00F2A045 /* PhoneRegisterVC.swift in Sources */ = {isa = PBXBuildFile; fileRef = 72728C1A24DC635A00F2A045 /* PhoneRegisterVC.swift */; };
		72728C1E24DC657300F2A045 /* PhoneTextField.swift in Sources */ = {isa = PBXBuildFile; fileRef = 72728C1D24DC657300F2A045 /* PhoneTextField.swift */; };
		72728C2024DC658F00F2A045 /* BaseTextField.swift in Sources */ = {isa = PBXBuildFile; fileRef = 72728C1F24DC658F00F2A045 /* BaseTextField.swift */; };
		72728C2224DC69CD00F2A045 /* String.swift in Sources */ = {isa = PBXBuildFile; fileRef = 72728C2124DC69CD00F2A045 /* String.swift */; };
		7287933324DC441A0064230A /* Main.storyboard in Resources */ = {isa = PBXBuildFile; fileRef = 7287933224DC441A0064230A /* Main.storyboard */; };
		72AA570D24DBE31A0025C5EB /* LanguageSelectionVC.swift in Sources */ = {isa = PBXBuildFile; fileRef = 72AA570C24DBE31A0025C5EB /* LanguageSelectionVC.swift */; };
		72AA571024DBE3680025C5EB /* BaseViewController.swift in Sources */ = {isa = PBXBuildFile; fileRef = 72AA570F24DBE3680025C5EB /* BaseViewController.swift */; };
		72AA571224DBE4590025C5EB /* Language.swift in Sources */ = {isa = PBXBuildFile; fileRef = 72AA571124DBE4590025C5EB /* Language.swift */; };
		72AA571524DBE5A60025C5EB /* Database.swift in Sources */ = {isa = PBXBuildFile; fileRef = 72AA571424DBE5A60025C5EB /* Database.swift */; };
		72AA571724DBE5E10025C5EB /* DBKeys.swift in Sources */ = {isa = PBXBuildFile; fileRef = 72AA571624DBE5E10025C5EB /* DBKeys.swift */; };
		72AA571924DBFE040025C5EB /* UIViewController.swift in Sources */ = {isa = PBXBuildFile; fileRef = 72AA571824DBFE040025C5EB /* UIViewController.swift */; };
		72AA571B24DBFE7E0025C5EB /* StoryboardId.swift in Sources */ = {isa = PBXBuildFile; fileRef = 72AA571A24DBFE7E0025C5EB /* StoryboardId.swift */; };
		72AA572124DC076D0025C5EB /* FirstInitialButton.swift in Sources */ = {isa = PBXBuildFile; fileRef = 72AA572024DC076D0025C5EB /* FirstInitialButton.swift */; };
		72ACC53B24DDB92400A36932 /* PhoneRegisterPresenter.swift in Sources */ = {isa = PBXBuildFile; fileRef = 72ACC53A24DDB92400A36932 /* PhoneRegisterPresenter.swift */; };
		72ACC53E24DDBB8F00A36932 /* ErrorView.swift in Sources */ = {isa = PBXBuildFile; fileRef = 72ACC53D24DDBB8F00A36932 /* ErrorView.swift */; };
		72ACC54024DDC16400A36932 /* ErrorViewController.swift in Sources */ = {isa = PBXBuildFile; fileRef = 72ACC53F24DDC16400A36932 /* ErrorViewController.swift */; };
		72ACC54224DDD9EB00A36932 /* CustomToast.swift in Sources */ = {isa = PBXBuildFile; fileRef = 72ACC54124DDD9EB00A36932 /* CustomToast.swift */; };
		72ACC54824DDDB6E00A36932 /* Menu.swift in Sources */ = {isa = PBXBuildFile; fileRef = 72ACC54724DDDB6E00A36932 /* Menu.swift */; };
		72ACC54A24DDDB9B00A36932 /* Typealias.swift in Sources */ = {isa = PBXBuildFile; fileRef = 72ACC54924DDDB9B00A36932 /* Typealias.swift */; };
		72ACC54E24DDDDF800A36932 /* Menu.storyboard in Resources */ = {isa = PBXBuildFile; fileRef = 72ACC54D24DDDDF800A36932 /* Menu.storyboard */; };
		72ACC55024DDDF6A00A36932 /* TableBaseViewController.swift in Sources */ = {isa = PBXBuildFile; fileRef = 72ACC54F24DDDF6A00A36932 /* TableBaseViewController.swift */; };
		72ACC55224DDDF9600A36932 /* UITableViewController.swift in Sources */ = {isa = PBXBuildFile; fileRef = 72ACC55124DDDF9600A36932 /* UITableViewController.swift */; };
		72ACC55424DDDFE800A36932 /* Register.swift in Sources */ = {isa = PBXBuildFile; fileRef = 72ACC55324DDDFE800A36932 /* Register.swift */; };
		72ACC55624DDE1F500A36932 /* BaseView.swift in Sources */ = {isa = PBXBuildFile; fileRef = 72ACC55524DDE1F500A36932 /* BaseView.swift */; };
		72ACC55824DDE27300A36932 /* ListView.swift in Sources */ = {isa = PBXBuildFile; fileRef = 72ACC55724DDE27300A36932 /* ListView.swift */; };
		72ACC55A24DDE9C000A36932 /* MenuVC.swift in Sources */ = {isa = PBXBuildFile; fileRef = 72ACC55924DDE9C000A36932 /* MenuVC.swift */; };
		72ACC55E24DDEFA700A36932 /* MenuTVC.swift in Sources */ = {isa = PBXBuildFile; fileRef = 72ACC55C24DDEFA700A36932 /* MenuTVC.swift */; };
		72ACC56124DDEFE500A36932 /* ReusableView.swift in Sources */ = {isa = PBXBuildFile; fileRef = 72ACC56024DDEFE500A36932 /* ReusableView.swift */; };
		72ACC56324DDF21C00A36932 /* ReuseIds.swift in Sources */ = {isa = PBXBuildFile; fileRef = 72ACC56224DDF21C00A36932 /* ReuseIds.swift */; };
		72ACC56524DDF3EB00A36932 /* MenuPresenter.swift in Sources */ = {isa = PBXBuildFile; fileRef = 72ACC56424DDF3EB00A36932 /* MenuPresenter.swift */; };
		72D1F24C24DC48B5001BC78D /* BaseNavigationController.swift in Sources */ = {isa = PBXBuildFile; fileRef = 72D1F24B24DC48B5001BC78D /* BaseNavigationController.swift */; };
		72D1F24E24DC4C22001BC78D /* LanguageSelectionPresenter.swift in Sources */ = {isa = PBXBuildFile; fileRef = 72D1F24D24DC4C22001BC78D /* LanguageSelectionPresenter.swift */; };
		A970F2AF24AB1F3F00A8FD77 /* IRANSansMonoSpacedNum.ttf in Resources */ = {isa = PBXBuildFile; fileRef = A970F2AC24AB1F3F00A8FD77 /* IRANSansMonoSpacedNum.ttf */; };
		A970F2B024AB1F3F00A8FD77 /* IRANSansMonoSpacedNum_Bold.ttf in Resources */ = {isa = PBXBuildFile; fileRef = A970F2AD24AB1F3F00A8FD77 /* IRANSansMonoSpacedNum_Bold.ttf */; };
		A970F2B124AB1F3F00A8FD77 /* IRANSansMonoSpacedNum_Light.ttf in Resources */ = {isa = PBXBuildFile; fileRef = A970F2AE24AB1F3F00A8FD77 /* IRANSansMonoSpacedNum_Light.ttf */; };
		A970F2B424AB1F9500A8FD77 /* Font.swift in Sources */ = {isa = PBXBuildFile; fileRef = A970F2B324AB1F9500A8FD77 /* Font.swift */; };
		A970F2C624AB201E00A8FD77 /* KeyboardManager.swift in Sources */ = {isa = PBXBuildFile; fileRef = A970F2B624AB201D00A8FD77 /* KeyboardManager.swift */; };
		A970F2C724AB201E00A8FD77 /* EmptyView.swift in Sources */ = {isa = PBXBuildFile; fileRef = A970F2B724AB201D00A8FD77 /* EmptyView.swift */; };
		A970F2C824AB201E00A8FD77 /* SubmitButton.swift in Sources */ = {isa = PBXBuildFile; fileRef = A970F2B924AB201D00A8FD77 /* SubmitButton.swift */; };
		A970F2C924AB201E00A8FD77 /* RegisterButton.swift in Sources */ = {isa = PBXBuildFile; fileRef = A970F2BA24AB201D00A8FD77 /* RegisterButton.swift */; };
		A970F2CA24AB201E00A8FD77 /* BaseButton.swift in Sources */ = {isa = PBXBuildFile; fileRef = A970F2BB24AB201D00A8FD77 /* BaseButton.swift */; };
		A970F2CB24AB201E00A8FD77 /* CustomHUD.swift in Sources */ = {isa = PBXBuildFile; fileRef = A970F2BC24AB201D00A8FD77 /* CustomHUD.swift */; };
		A970F2CC24AB201E00A8FD77 /* TransBackgroundView.swift in Sources */ = {isa = PBXBuildFile; fileRef = A970F2BD24AB201D00A8FD77 /* TransBackgroundView.swift */; };
		A970F2CD24AB201E00A8FD77 /* LabelBold.swift in Sources */ = {isa = PBXBuildFile; fileRef = A970F2BF24AB201D00A8FD77 /* LabelBold.swift */; };
		A970F2CE24AB201E00A8FD77 /* LabelLight.swift in Sources */ = {isa = PBXBuildFile; fileRef = A970F2C024AB201D00A8FD77 /* LabelLight.swift */; };
		A970F2CF24AB201E00A8FD77 /* BaseLabel.swift in Sources */ = {isa = PBXBuildFile; fileRef = A970F2C124AB201E00A8FD77 /* BaseLabel.swift */; };
		A970F2D024AB201E00A8FD77 /* LabelRegular.swift in Sources */ = {isa = PBXBuildFile; fileRef = A970F2C224AB201E00A8FD77 /* LabelRegular.swift */; };
		A970F2D124AB201E00A8FD77 /* LabelMedium.swift in Sources */ = {isa = PBXBuildFile; fileRef = A970F2C324AB201E00A8FD77 /* LabelMedium.swift */; };
		A970F2D224AB201E00A8FD77 /* BackView.swift in Sources */ = {isa = PBXBuildFile; fileRef = A970F2C424AB201E00A8FD77 /* BackView.swift */; };
		A970F2D324AB201E00A8FD77 /* CurvedImages.swift in Sources */ = {isa = PBXBuildFile; fileRef = A970F2C524AB201E00A8FD77 /* CurvedImages.swift */; };
		A970F2D524AB216100A8FD77 /* Colors.swift in Sources */ = {isa = PBXBuildFile; fileRef = A970F2D424AB216100A8FD77 /* Colors.swift */; };
		A970F2D724AB217800A8FD77 /* Strings.swift in Sources */ = {isa = PBXBuildFile; fileRef = A970F2D624AB217800A8FD77 /* Strings.swift */; };
		A970F2DA24AB21C300A8FD77 /* UIView.swift in Sources */ = {isa = PBXBuildFile; fileRef = A970F2D924AB21C300A8FD77 /* UIView.swift */; };
		AC0DDF6F9ABD319E771FCF32 /* Pods_Vision45.framework in Frameworks */ = {isa = PBXBuildFile; fileRef = 459DADE08F0BE21E6EDA16D5 /* Pods_Vision45.framework */; };
		F416CAB62504A68500FAF05E /* Timer.storyboard in Resources */ = {isa = PBXBuildFile; fileRef = F416CAB52504A68500FAF05E /* Timer.storyboard */; };
		F42074D724E3C07D00425093 /* MenuTVCRight.swift in Sources */ = {isa = PBXBuildFile; fileRef = F42074D524E3C07D00425093 /* MenuTVCRight.swift */; };
		F42074D824E3C07D00425093 /* MenuTVCRight.xib in Resources */ = {isa = PBXBuildFile; fileRef = F42074D624E3C07D00425093 /* MenuTVCRight.xib */; };
		F42074DB24E3C0CA00425093 /* MenuTVCLeft.swift in Sources */ = {isa = PBXBuildFile; fileRef = F42074D924E3C0CA00425093 /* MenuTVCLeft.swift */; };
		F42074DC24E3C0CA00425093 /* MenuTVCLeft.xib in Resources */ = {isa = PBXBuildFile; fileRef = F42074DA24E3C0CA00425093 /* MenuTVCLeft.xib */; };
		F425B57C24F4C5AA000D47C0 /* CellAnimator.swift in Sources */ = {isa = PBXBuildFile; fileRef = F425B57B24F4C5AA000D47C0 /* CellAnimator.swift */; };
		F43ACE8125074E4A007702B8 /* TimerVC.swift in Sources */ = {isa = PBXBuildFile; fileRef = F43ACE8025074E4A007702B8 /* TimerVC.swift */; };
		F43ACE8425074F71007702B8 /* BaseDatePicker.swift in Sources */ = {isa = PBXBuildFile; fileRef = F43ACE8325074F71007702B8 /* BaseDatePicker.swift */; };
		F43ACE8725075019007702B8 /* BaseSwitch.swift in Sources */ = {isa = PBXBuildFile; fileRef = F43ACE8625075019007702B8 /* BaseSwitch.swift */; };
		F495B98C24F3BF1500610DEA /* Images.swift in Sources */ = {isa = PBXBuildFile; fileRef = F495B98B24F3BF1500610DEA /* Images.swift */; };
		F495B98E24F3DEFE00610DEA /* LoadView.swift in Sources */ = {isa = PBXBuildFile; fileRef = F495B98D24F3DEFE00610DEA /* LoadView.swift */; };
		F49FDADA2504BDE900336721 /* PickerViewTextFiled.swift in Sources */ = {isa = PBXBuildFile; fileRef = F49FDAD92504BDE900336721 /* PickerViewTextFiled.swift */; };
		F49FDADD2504BE5400336721 /* BasePickerView.swift in Sources */ = {isa = PBXBuildFile; fileRef = F49FDADC2504BE5400336721 /* BasePickerView.swift */; };
/* End PBXBuildFile section */

/* Begin PBXFileReference section */
		03625F1AC571B1BA11B50777 /* Pods-Vision45.release.xcconfig */ = {isa = PBXFileReference; includeInIndex = 1; lastKnownFileType = text.xcconfig; name = "Pods-Vision45.release.xcconfig"; path = "Target Support Files/Pods-Vision45/Pods-Vision45.release.xcconfig"; sourceTree = "<group>"; };
		3F5953188EB9C44C885574B6 /* Pods-Vision45.debug.xcconfig */ = {isa = PBXFileReference; includeInIndex = 1; lastKnownFileType = text.xcconfig; name = "Pods-Vision45.debug.xcconfig"; path = "Target Support Files/Pods-Vision45/Pods-Vision45.debug.xcconfig"; sourceTree = "<group>"; };
		459DADE08F0BE21E6EDA16D5 /* Pods_Vision45.framework */ = {isa = PBXFileReference; explicitFileType = wrapper.framework; includeInIndex = 0; path = Pods_Vision45.framework; sourceTree = BUILT_PRODUCTS_DIR; };
		7236322124AB18BF00BD4375 /* Vision45.app */ = {isa = PBXFileReference; explicitFileType = wrapper.application; includeInIndex = 0; path = Vision45.app; sourceTree = BUILT_PRODUCTS_DIR; };
		7236322424AB18BF00BD4375 /* AppDelegate.swift */ = {isa = PBXFileReference; lastKnownFileType = sourcecode.swift; path = AppDelegate.swift; sourceTree = "<group>"; };
		7236322624AB18BF00BD4375 /* SceneDelegate.swift */ = {isa = PBXFileReference; lastKnownFileType = sourcecode.swift; path = SceneDelegate.swift; sourceTree = "<group>"; };
		7236322D24AB18C100BD4375 /* Assets.xcassets */ = {isa = PBXFileReference; lastKnownFileType = folder.assetcatalog; path = Assets.xcassets; sourceTree = "<group>"; };
		7236323024AB18C100BD4375 /* Base */ = {isa = PBXFileReference; lastKnownFileType = file.storyboard; name = Base; path = Base.lproj/LaunchScreen.storyboard; sourceTree = "<group>"; };
		7236323224AB18C100BD4375 /* Info.plist */ = {isa = PBXFileReference; lastKnownFileType = text.plist.xml; path = Info.plist; sourceTree = "<group>"; };
		72728C1A24DC635A00F2A045 /* PhoneRegisterVC.swift */ = {isa = PBXFileReference; lastKnownFileType = sourcecode.swift; path = PhoneRegisterVC.swift; sourceTree = "<group>"; };
		72728C1D24DC657300F2A045 /* PhoneTextField.swift */ = {isa = PBXFileReference; lastKnownFileType = sourcecode.swift; path = PhoneTextField.swift; sourceTree = "<group>"; };
		72728C1F24DC658F00F2A045 /* BaseTextField.swift */ = {isa = PBXFileReference; lastKnownFileType = sourcecode.swift; path = BaseTextField.swift; sourceTree = "<group>"; };
		72728C2124DC69CD00F2A045 /* String.swift */ = {isa = PBXFileReference; lastKnownFileType = sourcecode.swift; path = String.swift; sourceTree = "<group>"; };
		7287933224DC441A0064230A /* Main.storyboard */ = {isa = PBXFileReference; lastKnownFileType = file.storyboard; path = Main.storyboard; sourceTree = "<group>"; };
		72AA570C24DBE31A0025C5EB /* LanguageSelectionVC.swift */ = {isa = PBXFileReference; lastKnownFileType = sourcecode.swift; path = LanguageSelectionVC.swift; sourceTree = "<group>"; };
		72AA570F24DBE3680025C5EB /* BaseViewController.swift */ = {isa = PBXFileReference; lastKnownFileType = sourcecode.swift; path = BaseViewController.swift; sourceTree = "<group>"; };
		72AA571124DBE4590025C5EB /* Language.swift */ = {isa = PBXFileReference; lastKnownFileType = sourcecode.swift; path = Language.swift; sourceTree = "<group>"; };
		72AA571424DBE5A60025C5EB /* Database.swift */ = {isa = PBXFileReference; lastKnownFileType = sourcecode.swift; path = Database.swift; sourceTree = "<group>"; };
		72AA571624DBE5E10025C5EB /* DBKeys.swift */ = {isa = PBXFileReference; lastKnownFileType = sourcecode.swift; path = DBKeys.swift; sourceTree = "<group>"; };
		72AA571824DBFE040025C5EB /* UIViewController.swift */ = {isa = PBXFileReference; lastKnownFileType = sourcecode.swift; path = UIViewController.swift; sourceTree = "<group>"; };
		72AA571A24DBFE7E0025C5EB /* StoryboardId.swift */ = {isa = PBXFileReference; lastKnownFileType = sourcecode.swift; path = StoryboardId.swift; sourceTree = "<group>"; };
		72AA572024DC076D0025C5EB /* FirstInitialButton.swift */ = {isa = PBXFileReference; lastKnownFileType = sourcecode.swift; path = FirstInitialButton.swift; sourceTree = "<group>"; };
		72ACC53A24DDB92400A36932 /* PhoneRegisterPresenter.swift */ = {isa = PBXFileReference; lastKnownFileType = sourcecode.swift; path = PhoneRegisterPresenter.swift; sourceTree = "<group>"; };
		72ACC53D24DDBB8F00A36932 /* ErrorView.swift */ = {isa = PBXFileReference; lastKnownFileType = sourcecode.swift; path = ErrorView.swift; sourceTree = "<group>"; };
		72ACC53F24DDC16400A36932 /* ErrorViewController.swift */ = {isa = PBXFileReference; lastKnownFileType = sourcecode.swift; path = ErrorViewController.swift; sourceTree = "<group>"; };
		72ACC54124DDD9EB00A36932 /* CustomToast.swift */ = {isa = PBXFileReference; lastKnownFileType = sourcecode.swift; path = CustomToast.swift; sourceTree = "<group>"; };
		72ACC54724DDDB6E00A36932 /* Menu.swift */ = {isa = PBXFileReference; lastKnownFileType = sourcecode.swift; path = Menu.swift; sourceTree = "<group>"; };
		72ACC54924DDDB9B00A36932 /* Typealias.swift */ = {isa = PBXFileReference; lastKnownFileType = sourcecode.swift; path = Typealias.swift; sourceTree = "<group>"; };
		72ACC54D24DDDDF800A36932 /* Menu.storyboard */ = {isa = PBXFileReference; lastKnownFileType = file.storyboard; path = Menu.storyboard; sourceTree = "<group>"; };
		72ACC54F24DDDF6A00A36932 /* TableBaseViewController.swift */ = {isa = PBXFileReference; lastKnownFileType = sourcecode.swift; path = TableBaseViewController.swift; sourceTree = "<group>"; };
		72ACC55124DDDF9600A36932 /* UITableViewController.swift */ = {isa = PBXFileReference; lastKnownFileType = sourcecode.swift; path = UITableViewController.swift; sourceTree = "<group>"; };
		72ACC55324DDDFE800A36932 /* Register.swift */ = {isa = PBXFileReference; lastKnownFileType = sourcecode.swift; path = Register.swift; sourceTree = "<group>"; };
		72ACC55524DDE1F500A36932 /* BaseView.swift */ = {isa = PBXFileReference; lastKnownFileType = sourcecode.swift; path = BaseView.swift; sourceTree = "<group>"; };
		72ACC55724DDE27300A36932 /* ListView.swift */ = {isa = PBXFileReference; lastKnownFileType = sourcecode.swift; path = ListView.swift; sourceTree = "<group>"; };
		72ACC55924DDE9C000A36932 /* MenuVC.swift */ = {isa = PBXFileReference; lastKnownFileType = sourcecode.swift; path = MenuVC.swift; sourceTree = "<group>"; };
		72ACC55C24DDEFA700A36932 /* MenuTVC.swift */ = {isa = PBXFileReference; lastKnownFileType = sourcecode.swift; path = MenuTVC.swift; sourceTree = "<group>"; };
		72ACC56024DDEFE500A36932 /* ReusableView.swift */ = {isa = PBXFileReference; lastKnownFileType = sourcecode.swift; path = ReusableView.swift; sourceTree = "<group>"; };
		72ACC56224DDF21C00A36932 /* ReuseIds.swift */ = {isa = PBXFileReference; lastKnownFileType = sourcecode.swift; path = ReuseIds.swift; sourceTree = "<group>"; };
		72ACC56424DDF3EB00A36932 /* MenuPresenter.swift */ = {isa = PBXFileReference; lastKnownFileType = sourcecode.swift; path = MenuPresenter.swift; sourceTree = "<group>"; };
		72D1F24B24DC48B5001BC78D /* BaseNavigationController.swift */ = {isa = PBXFileReference; lastKnownFileType = sourcecode.swift; path = BaseNavigationController.swift; sourceTree = "<group>"; };
		72D1F24D24DC4C22001BC78D /* LanguageSelectionPresenter.swift */ = {isa = PBXFileReference; lastKnownFileType = sourcecode.swift; path = LanguageSelectionPresenter.swift; sourceTree = "<group>"; };
		A970F2AC24AB1F3F00A8FD77 /* IRANSansMonoSpacedNum.ttf */ = {isa = PBXFileReference; lastKnownFileType = file; path = IRANSansMonoSpacedNum.ttf; sourceTree = "<group>"; };
		A970F2AD24AB1F3F00A8FD77 /* IRANSansMonoSpacedNum_Bold.ttf */ = {isa = PBXFileReference; lastKnownFileType = file; path = IRANSansMonoSpacedNum_Bold.ttf; sourceTree = "<group>"; };
		A970F2AE24AB1F3F00A8FD77 /* IRANSansMonoSpacedNum_Light.ttf */ = {isa = PBXFileReference; lastKnownFileType = file; path = IRANSansMonoSpacedNum_Light.ttf; sourceTree = "<group>"; };
		A970F2B324AB1F9500A8FD77 /* Font.swift */ = {isa = PBXFileReference; lastKnownFileType = sourcecode.swift; path = Font.swift; sourceTree = "<group>"; };
		A970F2B624AB201D00A8FD77 /* KeyboardManager.swift */ = {isa = PBXFileReference; fileEncoding = 4; lastKnownFileType = sourcecode.swift; path = KeyboardManager.swift; sourceTree = "<group>"; };
		A970F2B724AB201D00A8FD77 /* EmptyView.swift */ = {isa = PBXFileReference; fileEncoding = 4; lastKnownFileType = sourcecode.swift; path = EmptyView.swift; sourceTree = "<group>"; };
		A970F2B924AB201D00A8FD77 /* SubmitButton.swift */ = {isa = PBXFileReference; fileEncoding = 4; lastKnownFileType = sourcecode.swift; path = SubmitButton.swift; sourceTree = "<group>"; };
		A970F2BA24AB201D00A8FD77 /* RegisterButton.swift */ = {isa = PBXFileReference; fileEncoding = 4; lastKnownFileType = sourcecode.swift; path = RegisterButton.swift; sourceTree = "<group>"; };
		A970F2BB24AB201D00A8FD77 /* BaseButton.swift */ = {isa = PBXFileReference; fileEncoding = 4; lastKnownFileType = sourcecode.swift; path = BaseButton.swift; sourceTree = "<group>"; };
		A970F2BC24AB201D00A8FD77 /* CustomHUD.swift */ = {isa = PBXFileReference; fileEncoding = 4; lastKnownFileType = sourcecode.swift; path = CustomHUD.swift; sourceTree = "<group>"; };
		A970F2BD24AB201D00A8FD77 /* TransBackgroundView.swift */ = {isa = PBXFileReference; fileEncoding = 4; lastKnownFileType = sourcecode.swift; path = TransBackgroundView.swift; sourceTree = "<group>"; };
		A970F2BF24AB201D00A8FD77 /* LabelBold.swift */ = {isa = PBXFileReference; fileEncoding = 4; lastKnownFileType = sourcecode.swift; path = LabelBold.swift; sourceTree = "<group>"; };
		A970F2C024AB201D00A8FD77 /* LabelLight.swift */ = {isa = PBXFileReference; fileEncoding = 4; lastKnownFileType = sourcecode.swift; path = LabelLight.swift; sourceTree = "<group>"; };
		A970F2C124AB201E00A8FD77 /* BaseLabel.swift */ = {isa = PBXFileReference; fileEncoding = 4; lastKnownFileType = sourcecode.swift; path = BaseLabel.swift; sourceTree = "<group>"; };
		A970F2C224AB201E00A8FD77 /* LabelRegular.swift */ = {isa = PBXFileReference; fileEncoding = 4; lastKnownFileType = sourcecode.swift; path = LabelRegular.swift; sourceTree = "<group>"; };
		A970F2C324AB201E00A8FD77 /* LabelMedium.swift */ = {isa = PBXFileReference; fileEncoding = 4; lastKnownFileType = sourcecode.swift; path = LabelMedium.swift; sourceTree = "<group>"; };
		A970F2C424AB201E00A8FD77 /* BackView.swift */ = {isa = PBXFileReference; fileEncoding = 4; lastKnownFileType = sourcecode.swift; path = BackView.swift; sourceTree = "<group>"; };
		A970F2C524AB201E00A8FD77 /* CurvedImages.swift */ = {isa = PBXFileReference; fileEncoding = 4; lastKnownFileType = sourcecode.swift; path = CurvedImages.swift; sourceTree = "<group>"; };
		A970F2D424AB216100A8FD77 /* Colors.swift */ = {isa = PBXFileReference; fileEncoding = 4; lastKnownFileType = sourcecode.swift; path = Colors.swift; sourceTree = "<group>"; };
		A970F2D624AB217800A8FD77 /* Strings.swift */ = {isa = PBXFileReference; fileEncoding = 4; lastKnownFileType = sourcecode.swift; path = Strings.swift; sourceTree = "<group>"; };
		A970F2D924AB21C300A8FD77 /* UIView.swift */ = {isa = PBXFileReference; lastKnownFileType = sourcecode.swift; path = UIView.swift; sourceTree = "<group>"; };
		F416CAB52504A68500FAF05E /* Timer.storyboard */ = {isa = PBXFileReference; lastKnownFileType = file.storyboard; path = Timer.storyboard; sourceTree = "<group>"; };
		F42074D524E3C07D00425093 /* MenuTVCRight.swift */ = {isa = PBXFileReference; lastKnownFileType = sourcecode.swift; path = MenuTVCRight.swift; sourceTree = "<group>"; };
		F42074D624E3C07D00425093 /* MenuTVCRight.xib */ = {isa = PBXFileReference; lastKnownFileType = file.xib; path = MenuTVCRight.xib; sourceTree = "<group>"; };
		F42074D924E3C0CA00425093 /* MenuTVCLeft.swift */ = {isa = PBXFileReference; lastKnownFileType = sourcecode.swift; path = MenuTVCLeft.swift; sourceTree = "<group>"; };
		F42074DA24E3C0CA00425093 /* MenuTVCLeft.xib */ = {isa = PBXFileReference; lastKnownFileType = file.xib; path = MenuTVCLeft.xib; sourceTree = "<group>"; };
		F425B57B24F4C5AA000D47C0 /* CellAnimator.swift */ = {isa = PBXFileReference; lastKnownFileType = sourcecode.swift; path = CellAnimator.swift; sourceTree = "<group>"; };
		F43ACE8025074E4A007702B8 /* TimerVC.swift */ = {isa = PBXFileReference; lastKnownFileType = sourcecode.swift; path = TimerVC.swift; sourceTree = "<group>"; };
		F43ACE8325074F71007702B8 /* BaseDatePicker.swift */ = {isa = PBXFileReference; lastKnownFileType = sourcecode.swift; path = BaseDatePicker.swift; sourceTree = "<group>"; };
		F43ACE8625075019007702B8 /* BaseSwitch.swift */ = {isa = PBXFileReference; lastKnownFileType = sourcecode.swift; path = BaseSwitch.swift; sourceTree = "<group>"; };
		F495B98B24F3BF1500610DEA /* Images.swift */ = {isa = PBXFileReference; lastKnownFileType = sourcecode.swift; path = Images.swift; sourceTree = "<group>"; };
		F495B98D24F3DEFE00610DEA /* LoadView.swift */ = {isa = PBXFileReference; lastKnownFileType = sourcecode.swift; path = LoadView.swift; sourceTree = "<group>"; };
		F49FDAD92504BDE900336721 /* PickerViewTextFiled.swift */ = {isa = PBXFileReference; lastKnownFileType = sourcecode.swift; path = PickerViewTextFiled.swift; sourceTree = "<group>"; };
		F49FDADC2504BE5400336721 /* BasePickerView.swift */ = {isa = PBXFileReference; lastKnownFileType = sourcecode.swift; path = BasePickerView.swift; sourceTree = "<group>"; };
/* End PBXFileReference section */

/* Begin PBXFrameworksBuildPhase section */
		7236321E24AB18BF00BD4375 /* Frameworks */ = {
			isa = PBXFrameworksBuildPhase;
			buildActionMask = 2147483647;
			files = (
				AC0DDF6F9ABD319E771FCF32 /* Pods_Vision45.framework in Frameworks */,
			);
			runOnlyForDeploymentPostprocessing = 0;
		};
/* End PBXFrameworksBuildPhase section */

/* Begin PBXGroup section */
		68C1BCF035FFBDC74DD538E7 /* Pods */ = {
			isa = PBXGroup;
			children = (
				3F5953188EB9C44C885574B6 /* Pods-Vision45.debug.xcconfig */,
				03625F1AC571B1BA11B50777 /* Pods-Vision45.release.xcconfig */,
			);
			path = Pods;
			sourceTree = "<group>";
		};
		7236321824AB18BF00BD4375 = {
			isa = PBXGroup;
			children = (
				7236322324AB18BF00BD4375 /* Vision45 */,
				7236322224AB18BF00BD4375 /* Products */,
				68C1BCF035FFBDC74DD538E7 /* Pods */,
				8A28F174F61E517B822EAF04 /* Frameworks */,
			);
			sourceTree = "<group>";
		};
		7236322224AB18BF00BD4375 /* Products */ = {
			isa = PBXGroup;
			children = (
				7236322124AB18BF00BD4375 /* Vision45.app */,
			);
			name = Products;
			sourceTree = "<group>";
		};
		7236322324AB18BF00BD4375 /* Vision45 */ = {
			isa = PBXGroup;
			children = (
				A970F2AA24AB1E9500A8FD77 /* Resource */,
				A970F2B224AB1F8100A8FD77 /* Util */,
				A970F2DB24AB229E00A8FD77 /* Module */,
				7236322424AB18BF00BD4375 /* AppDelegate.swift */,
				7236322624AB18BF00BD4375 /* SceneDelegate.swift */,
				7236322F24AB18C100BD4375 /* LaunchScreen.storyboard */,
				7236323224AB18C100BD4375 /* Info.plist */,
			);
			path = Vision45;
			sourceTree = "<group>";
		};
		7263A5BD24C0861800FCFD21 /* LoginRegister */ = {
			isa = PBXGroup;
			children = (
				72728C1824DC630B00F2A045 /* PhoneRegister */,
				72AA570824DBE2CD0025C5EB /* LanguageSelection */,
				7287933224DC441A0064230A /* Main.storyboard */,
			);
			path = LoginRegister;
			sourceTree = "<group>";
		};
		72728C1824DC630B00F2A045 /* PhoneRegister */ = {
			isa = PBXGroup;
			children = (
				72ACC53924DDB90800A36932 /* Presenter */,
				72728C1924DC633600F2A045 /* View */,
			);
			path = PhoneRegister;
			sourceTree = "<group>";
		};
		72728C1924DC633600F2A045 /* View */ = {
			isa = PBXGroup;
			children = (
				72728C1A24DC635A00F2A045 /* PhoneRegisterVC.swift */,
			);
			path = View;
			sourceTree = "<group>";
		};
		72728C1C24DC654300F2A045 /* TextFields */ = {
			isa = PBXGroup;
			children = (
				72728C1F24DC658F00F2A045 /* BaseTextField.swift */,
				72728C1D24DC657300F2A045 /* PhoneTextField.swift */,
				F49FDAD92504BDE900336721 /* PickerViewTextFiled.swift */,
			);
			path = TextFields;
			sourceTree = "<group>";
		};
		72AA570824DBE2CD0025C5EB /* LanguageSelection */ = {
			isa = PBXGroup;
			children = (
				72AA570B24DBE2FF0025C5EB /* Presenter */,
				72AA570924DBE2ED0025C5EB /* View */,
			);
			path = LanguageSelection;
			sourceTree = "<group>";
		};
		72AA570924DBE2ED0025C5EB /* View */ = {
			isa = PBXGroup;
			children = (
				72AA570C24DBE31A0025C5EB /* LanguageSelectionVC.swift */,
			);
			path = View;
			sourceTree = "<group>";
		};
		72AA570B24DBE2FF0025C5EB /* Presenter */ = {
			isa = PBXGroup;
			children = (
				72D1F24D24DC4C22001BC78D /* LanguageSelectionPresenter.swift */,
			);
			path = Presenter;
			sourceTree = "<group>";
		};
		72AA570E24DBE3550025C5EB /* Base */ = {
			isa = PBXGroup;
			children = (
				72AA570F24DBE3680025C5EB /* BaseViewController.swift */,
				72ACC53F24DDC16400A36932 /* ErrorViewController.swift */,
				72D1F24B24DC48B5001BC78D /* BaseNavigationController.swift */,
				72ACC54F24DDDF6A00A36932 /* TableBaseViewController.swift */,
			);
			path = Base;
			sourceTree = "<group>";
		};
		72AA571324DBE5860025C5EB /* Storage */ = {
			isa = PBXGroup;
			children = (
				72AA571424DBE5A60025C5EB /* Database.swift */,
				72AA571624DBE5E10025C5EB /* DBKeys.swift */,
			);
			path = Storage;
			sourceTree = "<group>";
		};
		72ACC53924DDB90800A36932 /* Presenter */ = {
			isa = PBXGroup;
			children = (
				72ACC53A24DDB92400A36932 /* PhoneRegisterPresenter.swift */,
			);
			path = Presenter;
			sourceTree = "<group>";
		};
		72ACC53C24DDBB7300A36932 /* Protocol */ = {
			isa = PBXGroup;
			children = (
				72ACC55524DDE1F500A36932 /* BaseView.swift */,
				72ACC53D24DDBB8F00A36932 /* ErrorView.swift */,
				72ACC55724DDE27300A36932 /* ListView.swift */,
				72ACC56024DDEFE500A36932 /* ReusableView.swift */,
				F495B98D24F3DEFE00610DEA /* LoadView.swift */,
			);
			path = Protocol;
			sourceTree = "<group>";
		};
		72ACC54324DDDB3600A36932 /* Menu */ = {
			isa = PBXGroup;
			children = (
				72ACC54624DDDB5700A36932 /* Model */,
				72ACC54524DDDB4E00A36932 /* View */,
				72ACC54424DDDB4300A36932 /* Presenter */,
			);
			path = Menu;
			sourceTree = "<group>";
		};
		72ACC54424DDDB4300A36932 /* Presenter */ = {
			isa = PBXGroup;
			children = (
				72ACC56424DDF3EB00A36932 /* MenuPresenter.swift */,
			);
			path = Presenter;
			sourceTree = "<group>";
		};
		72ACC54524DDDB4E00A36932 /* View */ = {
			isa = PBXGroup;
			children = (
				72ACC55B24DDEF8B00A36932 /* Cell */,
				72ACC54D24DDDDF800A36932 /* Menu.storyboard */,
				72ACC55924DDE9C000A36932 /* MenuVC.swift */,
			);
			path = View;
			sourceTree = "<group>";
		};
		72ACC54624DDDB5700A36932 /* Model */ = {
			isa = PBXGroup;
			children = (
				72ACC54724DDDB6E00A36932 /* Menu.swift */,
			);
			path = Model;
			sourceTree = "<group>";
		};
		72ACC55B24DDEF8B00A36932 /* Cell */ = {
			isa = PBXGroup;
			children = (
				72ACC55C24DDEFA700A36932 /* MenuTVC.swift */,
				F42074D524E3C07D00425093 /* MenuTVCRight.swift */,
				F42074D624E3C07D00425093 /* MenuTVCRight.xib */,
				F42074D924E3C0CA00425093 /* MenuTVCLeft.swift */,
				F42074DA24E3C0CA00425093 /* MenuTVCLeft.xib */,
			);
			path = Cell;
			sourceTree = "<group>";
		};
		8A28F174F61E517B822EAF04 /* Frameworks */ = {
			isa = PBXGroup;
			children = (
				459DADE08F0BE21E6EDA16D5 /* Pods_Vision45.framework */,
			);
			name = Frameworks;
			sourceTree = "<group>";
		};
		A970F2AA24AB1E9500A8FD77 /* Resource */ = {
			isa = PBXGroup;
			children = (
				A970F2AB24AB1F0200A8FD77 /* Font */,
				7236322D24AB18C100BD4375 /* Assets.xcassets */,
			);
			path = Resource;
			sourceTree = "<group>";
		};
		A970F2AB24AB1F0200A8FD77 /* Font */ = {
			isa = PBXGroup;
			children = (
				A970F2AD24AB1F3F00A8FD77 /* IRANSansMonoSpacedNum_Bold.ttf */,
				A970F2AE24AB1F3F00A8FD77 /* IRANSansMonoSpacedNum_Light.ttf */,
				A970F2AC24AB1F3F00A8FD77 /* IRANSansMonoSpacedNum.ttf */,
			);
			path = Font;
			sourceTree = "<group>";
		};
		A970F2B224AB1F8100A8FD77 /* Util */ = {
			isa = PBXGroup;
			children = (
				F425B57A24F4C598000D47C0 /* Animation */,
				72ACC53C24DDBB7300A36932 /* Protocol */,
				72AA571324DBE5860025C5EB /* Storage */,
				A970F2D824AB218C00A8FD77 /* Extension */,
				A970F2B524AB201D00A8FD77 /* Components */,
				A970F2B324AB1F9500A8FD77 /* Font.swift */,
				A970F2D624AB217800A8FD77 /* Strings.swift */,
				A970F2D424AB216100A8FD77 /* Colors.swift */,
				72AA571124DBE4590025C5EB /* Language.swift */,
				72AA571A24DBFE7E0025C5EB /* StoryboardId.swift */,
				72ACC54124DDD9EB00A36932 /* CustomToast.swift */,
				72ACC54924DDDB9B00A36932 /* Typealias.swift */,
				72ACC55324DDDFE800A36932 /* Register.swift */,
				72ACC56224DDF21C00A36932 /* ReuseIds.swift */,
				F495B98B24F3BF1500610DEA /* Images.swift */,
			);
			path = Util;
			sourceTree = "<group>";
		};
		A970F2B524AB201D00A8FD77 /* Components */ = {
			isa = PBXGroup;
			children = (
				F43ACE8525075007007702B8 /* Switch */,
				F43ACE8225074F4E007702B8 /* DatePicker */,
				F49FDADB2504BE4300336721 /* PickerView */,
				72728C1C24DC654300F2A045 /* TextFields */,
				A970F2B824AB201D00A8FD77 /* Buttons */,
				A970F2BE24AB201D00A8FD77 /* Labels */,
				A970F2B624AB201D00A8FD77 /* KeyboardManager.swift */,
				A970F2B724AB201D00A8FD77 /* EmptyView.swift */,
				A970F2BC24AB201D00A8FD77 /* CustomHUD.swift */,
				A970F2BD24AB201D00A8FD77 /* TransBackgroundView.swift */,
				A970F2C424AB201E00A8FD77 /* BackView.swift */,
				A970F2C524AB201E00A8FD77 /* CurvedImages.swift */,
			);
			path = Components;
			sourceTree = "<group>";
		};
		A970F2B824AB201D00A8FD77 /* Buttons */ = {
			isa = PBXGroup;
			children = (
				A970F2B924AB201D00A8FD77 /* SubmitButton.swift */,
				A970F2BA24AB201D00A8FD77 /* RegisterButton.swift */,
				A970F2BB24AB201D00A8FD77 /* BaseButton.swift */,
				72AA572024DC076D0025C5EB /* FirstInitialButton.swift */,
			);
			path = Buttons;
			sourceTree = "<group>";
		};
		A970F2BE24AB201D00A8FD77 /* Labels */ = {
			isa = PBXGroup;
			children = (
				A970F2BF24AB201D00A8FD77 /* LabelBold.swift */,
				A970F2C024AB201D00A8FD77 /* LabelLight.swift */,
				A970F2C124AB201E00A8FD77 /* BaseLabel.swift */,
				A970F2C224AB201E00A8FD77 /* LabelRegular.swift */,
				A970F2C324AB201E00A8FD77 /* LabelMedium.swift */,
			);
			path = Labels;
			sourceTree = "<group>";
		};
		A970F2D824AB218C00A8FD77 /* Extension */ = {
			isa = PBXGroup;
			children = (
				A970F2D924AB21C300A8FD77 /* UIView.swift */,
				72AA571824DBFE040025C5EB /* UIViewController.swift */,
				72728C2124DC69CD00F2A045 /* String.swift */,
				72ACC55124DDDF9600A36932 /* UITableViewController.swift */,
			);
			path = Extension;
			sourceTree = "<group>";
		};
		A970F2DB24AB229E00A8FD77 /* Module */ = {
			isa = PBXGroup;
			children = (
				F416CAB22504A54400FAF05E /* Timer */,
				72ACC54324DDDB3600A36932 /* Menu */,
				7263A5BD24C0861800FCFD21 /* LoginRegister */,
				72AA570E24DBE3550025C5EB /* Base */,
			);
			path = Module;
			sourceTree = "<group>";
		};
		F416CAB22504A54400FAF05E /* Timer */ = {
			isa = PBXGroup;
			children = (
				F416CAB42504A56800FAF05E /* Presenter */,
				F416CAB32504A56000FAF05E /* View */,
			);
			path = Timer;
			sourceTree = "<group>";
		};
		F416CAB32504A56000FAF05E /* View */ = {
			isa = PBXGroup;
			children = (
				F416CAB52504A68500FAF05E /* Timer.storyboard */,
				F43ACE8025074E4A007702B8 /* TimerVC.swift */,
			);
			path = View;
			sourceTree = "<group>";
		};
		F416CAB42504A56800FAF05E /* Presenter */ = {
			isa = PBXGroup;
			children = (
			);
			path = Presenter;
			sourceTree = "<group>";
		};
		F425B57A24F4C598000D47C0 /* Animation */ = {
			isa = PBXGroup;
			children = (
				F425B57B24F4C5AA000D47C0 /* CellAnimator.swift */,
			);
			path = Animation;
			sourceTree = "<group>";
		};
		F43ACE8225074F4E007702B8 /* DatePicker */ = {
			isa = PBXGroup;
			children = (
				F43ACE8325074F71007702B8 /* BaseDatePicker.swift */,
			);
			path = DatePicker;
			sourceTree = "<group>";
		};
		F43ACE8525075007007702B8 /* Switch */ = {
			isa = PBXGroup;
			children = (
				F43ACE8625075019007702B8 /* BaseSwitch.swift */,
			);
			path = Switch;
			sourceTree = "<group>";
		};
		F49FDADB2504BE4300336721 /* PickerView */ = {
			isa = PBXGroup;
			children = (
				F49FDADC2504BE5400336721 /* BasePickerView.swift */,
			);
			path = PickerView;
			sourceTree = "<group>";
		};
/* End PBXGroup section */

/* Begin PBXNativeTarget section */
		7236322024AB18BF00BD4375 /* Vision45 */ = {
			isa = PBXNativeTarget;
			buildConfigurationList = 7236323524AB18C100BD4375 /* Build configuration list for PBXNativeTarget "Vision45" */;
			buildPhases = (
				2791E1ECBA919BD06AD69DEE /* [CP] Check Pods Manifest.lock */,
				7236321D24AB18BF00BD4375 /* Sources */,
				7236321E24AB18BF00BD4375 /* Frameworks */,
				7236321F24AB18BF00BD4375 /* Resources */,
				61EB2AD90CDF96222803BD10 /* [CP] Embed Pods Frameworks */,
			);
			buildRules = (
			);
			dependencies = (
			);
			name = Vision45;
			productName = Vision45;
			productReference = 7236322124AB18BF00BD4375 /* Vision45.app */;
			productType = "com.apple.product-type.application";
		};
/* End PBXNativeTarget section */

/* Begin PBXProject section */
		7236321924AB18BF00BD4375 /* Project object */ = {
			isa = PBXProject;
			attributes = {
				LastSwiftUpdateCheck = 1130;
				LastUpgradeCheck = 1130;
				ORGANIZATIONNAME = "Sahand Raeisi";
				TargetAttributes = {
					7236322024AB18BF00BD4375 = {
						CreatedOnToolsVersion = 11.3;
					};
				};
			};
			buildConfigurationList = 7236321C24AB18BF00BD4375 /* Build configuration list for PBXProject "Vision45" */;
			compatibilityVersion = "Xcode 9.3";
			developmentRegion = en;
			hasScannedForEncodings = 0;
			knownRegions = (
				en,
				Base,
			);
			mainGroup = 7236321824AB18BF00BD4375;
			productRefGroup = 7236322224AB18BF00BD4375 /* Products */;
			projectDirPath = "";
			projectRoot = "";
			targets = (
				7236322024AB18BF00BD4375 /* Vision45 */,
			);
		};
/* End PBXProject section */

/* Begin PBXResourcesBuildPhase section */
		7236321F24AB18BF00BD4375 /* Resources */ = {
			isa = PBXResourcesBuildPhase;
			buildActionMask = 2147483647;
			files = (
				F416CAB62504A68500FAF05E /* Timer.storyboard in Resources */,
				7287933324DC441A0064230A /* Main.storyboard in Resources */,
				A970F2B124AB1F3F00A8FD77 /* IRANSansMonoSpacedNum_Light.ttf in Resources */,
				F42074D824E3C07D00425093 /* MenuTVCRight.xib in Resources */,
				F42074DC24E3C0CA00425093 /* MenuTVCLeft.xib in Resources */,
				A970F2B024AB1F3F00A8FD77 /* IRANSansMonoSpacedNum_Bold.ttf in Resources */,
				72ACC54E24DDDDF800A36932 /* Menu.storyboard in Resources */,
				7236323124AB18C100BD4375 /* LaunchScreen.storyboard in Resources */,
				A970F2AF24AB1F3F00A8FD77 /* IRANSansMonoSpacedNum.ttf in Resources */,
				7236322E24AB18C100BD4375 /* Assets.xcassets in Resources */,
			);
			runOnlyForDeploymentPostprocessing = 0;
		};
/* End PBXResourcesBuildPhase section */

/* Begin PBXShellScriptBuildPhase section */
		2791E1ECBA919BD06AD69DEE /* [CP] Check Pods Manifest.lock */ = {
			isa = PBXShellScriptBuildPhase;
			buildActionMask = 2147483647;
			files = (
			);
			inputFileListPaths = (
			);
			inputPaths = (
				"${PODS_PODFILE_DIR_PATH}/Podfile.lock",
				"${PODS_ROOT}/Manifest.lock",
			);
			name = "[CP] Check Pods Manifest.lock";
			outputFileListPaths = (
			);
			outputPaths = (
				"$(DERIVED_FILE_DIR)/Pods-Vision45-checkManifestLockResult.txt",
			);
			runOnlyForDeploymentPostprocessing = 0;
			shellPath = /bin/sh;
			shellScript = "diff \"${PODS_PODFILE_DIR_PATH}/Podfile.lock\" \"${PODS_ROOT}/Manifest.lock\" > /dev/null\nif [ $? != 0 ] ; then\n    # print error to STDERR\n    echo \"error: The sandbox is not in sync with the Podfile.lock. Run 'pod install' or update your CocoaPods installation.\" >&2\n    exit 1\nfi\n# This output is used by Xcode 'outputs' to avoid re-running this script phase.\necho \"SUCCESS\" > \"${SCRIPT_OUTPUT_FILE_0}\"\n";
			showEnvVarsInLog = 0;
		};
		61EB2AD90CDF96222803BD10 /* [CP] Embed Pods Frameworks */ = {
			isa = PBXShellScriptBuildPhase;
			buildActionMask = 2147483647;
			files = (
			);
			inputFileListPaths = (
				"${PODS_ROOT}/Target Support Files/Pods-Vision45/Pods-Vision45-frameworks-${CONFIGURATION}-input-files.xcfilelist",
			);
			name = "[CP] Embed Pods Frameworks";
			outputFileListPaths = (
				"${PODS_ROOT}/Target Support Files/Pods-Vision45/Pods-Vision45-frameworks-${CONFIGURATION}-output-files.xcfilelist",
			);
			runOnlyForDeploymentPostprocessing = 0;
			shellPath = /bin/sh;
			shellScript = "\"${PODS_ROOT}/Target Support Files/Pods-Vision45/Pods-Vision45-frameworks.sh\"\n";
			showEnvVarsInLog = 0;
		};
/* End PBXShellScriptBuildPhase section */

/* Begin PBXSourcesBuildPhase section */
		7236321D24AB18BF00BD4375 /* Sources */ = {
			isa = PBXSourcesBuildPhase;
			buildActionMask = 2147483647;
			files = (
				72ACC54224DDD9EB00A36932 /* CustomToast.swift in Sources */,
				A970F2C924AB201E00A8FD77 /* RegisterButton.swift in Sources */,
				F425B57C24F4C5AA000D47C0 /* CellAnimator.swift in Sources */,
				72ACC54024DDC16400A36932 /* ErrorViewController.swift in Sources */,
				72ACC55224DDDF9600A36932 /* UITableViewController.swift in Sources */,
				A970F2CF24AB201E00A8FD77 /* BaseLabel.swift in Sources */,
				72ACC53E24DDBB8F00A36932 /* ErrorView.swift in Sources */,
				72AA571924DBFE040025C5EB /* UIViewController.swift in Sources */,
				A970F2D724AB217800A8FD77 /* Strings.swift in Sources */,
				72AA571024DBE3680025C5EB /* BaseViewController.swift in Sources */,
				72AA570D24DBE31A0025C5EB /* LanguageSelectionVC.swift in Sources */,
				72ACC55E24DDEFA700A36932 /* MenuTVC.swift in Sources */,
				F49FDADD2504BE5400336721 /* BasePickerView.swift in Sources */,
				A970F2B424AB1F9500A8FD77 /* Font.swift in Sources */,
				72728C1B24DC635A00F2A045 /* PhoneRegisterVC.swift in Sources */,
				F42074DB24E3C0CA00425093 /* MenuTVCLeft.swift in Sources */,
				72ACC56524DDF3EB00A36932 /* MenuPresenter.swift in Sources */,
				72D1F24C24DC48B5001BC78D /* BaseNavigationController.swift in Sources */,
				72728C1E24DC657300F2A045 /* PhoneTextField.swift in Sources */,
				72AA571724DBE5E10025C5EB /* DBKeys.swift in Sources */,
				A970F2C624AB201E00A8FD77 /* KeyboardManager.swift in Sources */,
				72ACC55024DDDF6A00A36932 /* TableBaseViewController.swift in Sources */,
				F43ACE8125074E4A007702B8 /* TimerVC.swift in Sources */,
				72ACC55824DDE27300A36932 /* ListView.swift in Sources */,
				F43ACE8725075019007702B8 /* BaseSwitch.swift in Sources */,
				F49FDADA2504BDE900336721 /* PickerViewTextFiled.swift in Sources */,
				A970F2CB24AB201E00A8FD77 /* CustomHUD.swift in Sources */,
				A970F2CA24AB201E00A8FD77 /* BaseButton.swift in Sources */,
				A970F2D024AB201E00A8FD77 /* LabelRegular.swift in Sources */,
				7236322524AB18BF00BD4375 /* AppDelegate.swift in Sources */,
				72ACC56324DDF21C00A36932 /* ReuseIds.swift in Sources */,
				F495B98C24F3BF1500610DEA /* Images.swift in Sources */,
				72AA571524DBE5A60025C5EB /* Database.swift in Sources */,
				72AA572124DC076D0025C5EB /* FirstInitialButton.swift in Sources */,
				A970F2DA24AB21C300A8FD77 /* UIView.swift in Sources */,
				72ACC54A24DDDB9B00A36932 /* Typealias.swift in Sources */,
				72ACC56124DDEFE500A36932 /* ReusableView.swift in Sources */,
				A970F2D224AB201E00A8FD77 /* BackView.swift in Sources */,
				A970F2CE24AB201E00A8FD77 /* LabelLight.swift in Sources */,
				A970F2C824AB201E00A8FD77 /* SubmitButton.swift in Sources */,
				A970F2D524AB216100A8FD77 /* Colors.swift in Sources */,
				F43ACE8425074F71007702B8 /* BaseDatePicker.swift in Sources */,
				A970F2C724AB201E00A8FD77 /* EmptyView.swift in Sources */,
				7236322724AB18BF00BD4375 /* SceneDelegate.swift in Sources */,
				72ACC55624DDE1F500A36932 /* BaseView.swift in Sources */,
				A970F2D324AB201E00A8FD77 /* CurvedImages.swift in Sources */,
				A970F2D124AB201E00A8FD77 /* LabelMedium.swift in Sources */,
				72ACC55424DDDFE800A36932 /* Register.swift in Sources */,
				72728C2024DC658F00F2A045 /* BaseTextField.swift in Sources */,
				72ACC55A24DDE9C000A36932 /* MenuVC.swift in Sources */,
				72AA571224DBE4590025C5EB /* Language.swift in Sources */,
				A970F2CC24AB201E00A8FD77 /* TransBackgroundView.swift in Sources */,
				72ACC54824DDDB6E00A36932 /* Menu.swift in Sources */,
				A970F2CD24AB201E00A8FD77 /* LabelBold.swift in Sources */,
				F495B98E24F3DEFE00610DEA /* LoadView.swift in Sources */,
				F42074D724E3C07D00425093 /* MenuTVCRight.swift in Sources */,
				72728C2224DC69CD00F2A045 /* String.swift in Sources */,
				72D1F24E24DC4C22001BC78D /* LanguageSelectionPresenter.swift in Sources */,
				72ACC53B24DDB92400A36932 /* PhoneRegisterPresenter.swift in Sources */,
				72AA571B24DBFE7E0025C5EB /* StoryboardId.swift in Sources */,
			);
			runOnlyForDeploymentPostprocessing = 0;
		};
/* End PBXSourcesBuildPhase section */

/* Begin PBXVariantGroup section */
		7236322F24AB18C100BD4375 /* LaunchScreen.storyboard */ = {
			isa = PBXVariantGroup;
			children = (
				7236323024AB18C100BD4375 /* Base */,
			);
			name = LaunchScreen.storyboard;
			sourceTree = "<group>";
		};
/* End PBXVariantGroup section */

/* Begin XCBuildConfiguration section */
		7236323324AB18C100BD4375 /* Debug */ = {
			isa = XCBuildConfiguration;
			buildSettings = {
				ALWAYS_SEARCH_USER_PATHS = NO;
				CLANG_ANALYZER_LOCALIZABILITY_NONLOCALIZED = YES;
				CLANG_ANALYZER_NONNULL = YES;
				CLANG_ANALYZER_NUMBER_OBJECT_CONVERSION = YES_AGGRESSIVE;
				CLANG_CXX_LANGUAGE_STANDARD = "gnu++14";
				CLANG_CXX_LIBRARY = "libc++";
				CLANG_ENABLE_MODULES = YES;
				CLANG_ENABLE_OBJC_ARC = YES;
				CLANG_ENABLE_OBJC_WEAK = YES;
				CLANG_WARN_BLOCK_CAPTURE_AUTORELEASING = YES;
				CLANG_WARN_BOOL_CONVERSION = YES;
				CLANG_WARN_COMMA = YES;
				CLANG_WARN_CONSTANT_CONVERSION = YES;
				CLANG_WARN_DEPRECATED_OBJC_IMPLEMENTATIONS = YES;
				CLANG_WARN_DIRECT_OBJC_ISA_USAGE = YES_ERROR;
				CLANG_WARN_DOCUMENTATION_COMMENTS = YES;
				CLANG_WARN_EMPTY_BODY = YES;
				CLANG_WARN_ENUM_CONVERSION = YES;
				CLANG_WARN_INFINITE_RECURSION = YES;
				CLANG_WARN_INT_CONVERSION = YES;
				CLANG_WARN_NON_LITERAL_NULL_CONVERSION = YES;
				CLANG_WARN_OBJC_IMPLICIT_RETAIN_SELF = YES;
				CLANG_WARN_OBJC_LITERAL_CONVERSION = YES;
				CLANG_WARN_OBJC_ROOT_CLASS = YES_ERROR;
				CLANG_WARN_RANGE_LOOP_ANALYSIS = YES;
				CLANG_WARN_STRICT_PROTOTYPES = YES;
				CLANG_WARN_SUSPICIOUS_MOVE = YES;
				CLANG_WARN_UNGUARDED_AVAILABILITY = YES_AGGRESSIVE;
				CLANG_WARN_UNREACHABLE_CODE = YES;
				CLANG_WARN__DUPLICATE_METHOD_MATCH = YES;
				COPY_PHASE_STRIP = NO;
				DEBUG_INFORMATION_FORMAT = dwarf;
				ENABLE_STRICT_OBJC_MSGSEND = YES;
				ENABLE_TESTABILITY = YES;
				GCC_C_LANGUAGE_STANDARD = gnu11;
				GCC_DYNAMIC_NO_PIC = NO;
				GCC_NO_COMMON_BLOCKS = YES;
				GCC_OPTIMIZATION_LEVEL = 0;
				GCC_PREPROCESSOR_DEFINITIONS = (
					"DEBUG=1",
					"$(inherited)",
				);
				GCC_WARN_64_TO_32_BIT_CONVERSION = YES;
				GCC_WARN_ABOUT_RETURN_TYPE = YES_ERROR;
				GCC_WARN_UNDECLARED_SELECTOR = YES;
				GCC_WARN_UNINITIALIZED_AUTOS = YES_AGGRESSIVE;
				GCC_WARN_UNUSED_FUNCTION = YES;
				GCC_WARN_UNUSED_VARIABLE = YES;
				IPHONEOS_DEPLOYMENT_TARGET = 13.2;
				MTL_ENABLE_DEBUG_INFO = INCLUDE_SOURCE;
				MTL_FAST_MATH = YES;
				ONLY_ACTIVE_ARCH = YES;
				SDKROOT = iphoneos;
				SWIFT_ACTIVE_COMPILATION_CONDITIONS = DEBUG;
				SWIFT_OPTIMIZATION_LEVEL = "-Onone";
			};
			name = Debug;
		};
		7236323424AB18C100BD4375 /* Release */ = {
			isa = XCBuildConfiguration;
			buildSettings = {
				ALWAYS_SEARCH_USER_PATHS = NO;
				CLANG_ANALYZER_LOCALIZABILITY_NONLOCALIZED = YES;
				CLANG_ANALYZER_NONNULL = YES;
				CLANG_ANALYZER_NUMBER_OBJECT_CONVERSION = YES_AGGRESSIVE;
				CLANG_CXX_LANGUAGE_STANDARD = "gnu++14";
				CLANG_CXX_LIBRARY = "libc++";
				CLANG_ENABLE_MODULES = YES;
				CLANG_ENABLE_OBJC_ARC = YES;
				CLANG_ENABLE_OBJC_WEAK = YES;
				CLANG_WARN_BLOCK_CAPTURE_AUTORELEASING = YES;
				CLANG_WARN_BOOL_CONVERSION = YES;
				CLANG_WARN_COMMA = YES;
				CLANG_WARN_CONSTANT_CONVERSION = YES;
				CLANG_WARN_DEPRECATED_OBJC_IMPLEMENTATIONS = YES;
				CLANG_WARN_DIRECT_OBJC_ISA_USAGE = YES_ERROR;
				CLANG_WARN_DOCUMENTATION_COMMENTS = YES;
				CLANG_WARN_EMPTY_BODY = YES;
				CLANG_WARN_ENUM_CONVERSION = YES;
				CLANG_WARN_INFINITE_RECURSION = YES;
				CLANG_WARN_INT_CONVERSION = YES;
				CLANG_WARN_NON_LITERAL_NULL_CONVERSION = YES;
				CLANG_WARN_OBJC_IMPLICIT_RETAIN_SELF = YES;
				CLANG_WARN_OBJC_LITERAL_CONVERSION = YES;
				CLANG_WARN_OBJC_ROOT_CLASS = YES_ERROR;
				CLANG_WARN_RANGE_LOOP_ANALYSIS = YES;
				CLANG_WARN_STRICT_PROTOTYPES = YES;
				CLANG_WARN_SUSPICIOUS_MOVE = YES;
				CLANG_WARN_UNGUARDED_AVAILABILITY = YES_AGGRESSIVE;
				CLANG_WARN_UNREACHABLE_CODE = YES;
				CLANG_WARN__DUPLICATE_METHOD_MATCH = YES;
				COPY_PHASE_STRIP = NO;
				DEBUG_INFORMATION_FORMAT = "dwarf-with-dsym";
				ENABLE_NS_ASSERTIONS = NO;
				ENABLE_STRICT_OBJC_MSGSEND = YES;
				GCC_C_LANGUAGE_STANDARD = gnu11;
				GCC_NO_COMMON_BLOCKS = YES;
				GCC_WARN_64_TO_32_BIT_CONVERSION = YES;
				GCC_WARN_ABOUT_RETURN_TYPE = YES_ERROR;
				GCC_WARN_UNDECLARED_SELECTOR = YES;
				GCC_WARN_UNINITIALIZED_AUTOS = YES_AGGRESSIVE;
				GCC_WARN_UNUSED_FUNCTION = YES;
				GCC_WARN_UNUSED_VARIABLE = YES;
				IPHONEOS_DEPLOYMENT_TARGET = 13.2;
				MTL_ENABLE_DEBUG_INFO = NO;
				MTL_FAST_MATH = YES;
				SDKROOT = iphoneos;
				SWIFT_COMPILATION_MODE = wholemodule;
				SWIFT_OPTIMIZATION_LEVEL = "-O";
				VALIDATE_PRODUCT = YES;
			};
			name = Release;
		};
		7236323624AB18C100BD4375 /* Debug */ = {
			isa = XCBuildConfiguration;
			baseConfigurationReference = 3F5953188EB9C44C885574B6 /* Pods-Vision45.debug.xcconfig */;
			buildSettings = {
				ASSETCATALOG_COMPILER_APPICON_NAME = AppIcon;
				CODE_SIGN_STYLE = Automatic;
				INFOPLIST_FILE = Vision45/Info.plist;
				IPHONEOS_DEPLOYMENT_TARGET = 13.0;
				LD_RUNPATH_SEARCH_PATHS = (
					"$(inherited)",
					"@executable_path/Frameworks",
				);
				PRODUCT_BUNDLE_IDENTIFIER = com.shndrs.Vision45;
				PRODUCT_NAME = "$(TARGET_NAME)";
				SWIFT_VERSION = 5.0;
				TARGETED_DEVICE_FAMILY = "1,2";
			};
			name = Debug;
		};
		7236323724AB18C100BD4375 /* Release */ = {
			isa = XCBuildConfiguration;
			baseConfigurationReference = 03625F1AC571B1BA11B50777 /* Pods-Vision45.release.xcconfig */;
			buildSettings = {
				ASSETCATALOG_COMPILER_APPICON_NAME = AppIcon;
				CODE_SIGN_STYLE = Automatic;
				INFOPLIST_FILE = Vision45/Info.plist;
				IPHONEOS_DEPLOYMENT_TARGET = 13.0;
				LD_RUNPATH_SEARCH_PATHS = (
					"$(inherited)",
					"@executable_path/Frameworks",
				);
				PRODUCT_BUNDLE_IDENTIFIER = com.shndrs.Vision45;
				PRODUCT_NAME = "$(TARGET_NAME)";
				SWIFT_VERSION = 5.0;
				TARGETED_DEVICE_FAMILY = "1,2";
			};
			name = Release;
		};
/* End XCBuildConfiguration section */

/* Begin XCConfigurationList section */
		7236321C24AB18BF00BD4375 /* Build configuration list for PBXProject "Vision45" */ = {
			isa = XCConfigurationList;
			buildConfigurations = (
				7236323324AB18C100BD4375 /* Debug */,
				7236323424AB18C100BD4375 /* Release */,
			);
			defaultConfigurationIsVisible = 0;
			defaultConfigurationName = Release;
		};
		7236323524AB18C100BD4375 /* Build configuration list for PBXNativeTarget "Vision45" */ = {
			isa = XCConfigurationList;
			buildConfigurations = (
				7236323624AB18C100BD4375 /* Debug */,
				7236323724AB18C100BD4375 /* Release */,
			);
			defaultConfigurationIsVisible = 0;
			defaultConfigurationName = Release;
		};
/* End XCConfigurationList section */
	};
	rootObject = 7236321924AB18BF00BD4375 /* Project object */;
}
