// !$*UTF8*$!
{
	archiveVersion = 1;
	classes = {
	};
	objectVersion = 51;
	objects = {

/* Begin PBXBuildFile section */
		68659EC1E67B038477EF18A9 /* Pods_CalendarView.framework in Frameworks */ = {isa = PBXBuildFile; fileRef = A0FB3E569971E64381BBFD28 /* Pods_CalendarView.framework */; };
		F4CAEE3325DBA93D005233AA /* AppDelegate.swift in Sources */ = {isa = PBXBuildFile; fileRef = F4CAEE3225DBA93D005233AA /* AppDelegate.swift */; };
		F4CAEE3525DBA93D005233AA /* SceneDelegate.swift in Sources */ = {isa = PBXBuildFile; fileRef = F4CAEE3425DBA93D005233AA /* SceneDelegate.swift */; };
		F4CAEE3725DBA93D005233AA /* ViewController.swift in Sources */ = {isa = PBXBuildFile; fileRef = F4CAEE3625DBA93D005233AA /* ViewController.swift */; };
		F4CAEE3A25DBA93D005233AA /* Main.storyboard in Resources */ = {isa = PBXBuildFile; fileRef = F4CAEE3825DBA93D005233AA /* Main.storyboard */; };
		F4CAEE3C25DBA93F005233AA /* Assets.xcassets in Resources */ = {isa = PBXBuildFile; fileRef = F4CAEE3B25DBA93F005233AA /* Assets.xcassets */; };
		F4CAEE3F25DBA93F005233AA /* LaunchScreen.storyboard in Resources */ = {isa = PBXBuildFile; fileRef = F4CAEE3D25DBA93F005233AA /* LaunchScreen.storyboard */; };
		F4CAEE4E25DBAB5E005233AA /* CalendarDayCell.swift in Sources */ = {isa = PBXBuildFile; fileRef = F4CAEE4C25DBAB5E005233AA /* CalendarDayCell.swift */; };
		F4CAEE4F25DBAB5E005233AA /* CalendarDayCell.xib in Resources */ = {isa = PBXBuildFile; fileRef = F4CAEE4D25DBAB5E005233AA /* CalendarDayCell.xib */; };
		F4CAEE5325DBAC43005233AA /* CalendarCell.swift in Sources */ = {isa = PBXBuildFile; fileRef = F4CAEE5225DBAC43005233AA /* CalendarCell.swift */; };
		F4CAEE5A25DBB01A005233AA /* Register.swift in Sources */ = {isa = PBXBuildFile; fileRef = F4CAEE5925DBB01A005233AA /* Register.swift */; };
/* End PBXBuildFile section */

/* Begin PBXFileReference section */
		4E518D6E3FC4A886B5663154 /* Pods-CalendarView.debug.xcconfig */ = {isa = PBXFileReference; includeInIndex = 1; lastKnownFileType = text.xcconfig; name = "Pods-CalendarView.debug.xcconfig"; path = "Target Support Files/Pods-CalendarView/Pods-CalendarView.debug.xcconfig"; sourceTree = "<group>"; };
		A0FB3E569971E64381BBFD28 /* Pods_CalendarView.framework */ = {isa = PBXFileReference; explicitFileType = wrapper.framework; includeInIndex = 0; path = Pods_CalendarView.framework; sourceTree = BUILT_PRODUCTS_DIR; };
		F4CAEE2F25DBA93D005233AA /* CalendarView.app */ = {isa = PBXFileReference; explicitFileType = wrapper.application; includeInIndex = 0; path = CalendarView.app; sourceTree = BUILT_PRODUCTS_DIR; };
		F4CAEE3225DBA93D005233AA /* AppDelegate.swift */ = {isa = PBXFileReference; lastKnownFileType = sourcecode.swift; path = AppDelegate.swift; sourceTree = "<group>"; };
		F4CAEE3425DBA93D005233AA /* SceneDelegate.swift */ = {isa = PBXFileReference; lastKnownFileType = sourcecode.swift; path = SceneDelegate.swift; sourceTree = "<group>"; };
		F4CAEE3625DBA93D005233AA /* ViewController.swift */ = {isa = PBXFileReference; lastKnownFileType = sourcecode.swift; path = ViewController.swift; sourceTree = "<group>"; };
		F4CAEE3925DBA93D005233AA /* Base */ = {isa = PBXFileReference; lastKnownFileType = file.storyboard; name = Base; path = Base.lproj/Main.storyboard; sourceTree = "<group>"; };
		F4CAEE3B25DBA93F005233AA /* Assets.xcassets */ = {isa = PBXFileReference; lastKnownFileType = folder.assetcatalog; path = Assets.xcassets; sourceTree = "<group>"; };
		F4CAEE3E25DBA93F005233AA /* Base */ = {isa = PBXFileReference; lastKnownFileType = file.storyboard; name = Base; path = Base.lproj/LaunchScreen.storyboard; sourceTree = "<group>"; };
		F4CAEE4025DBA93F005233AA /* Info.plist */ = {isa = PBXFileReference; lastKnownFileType = text.plist.xml; path = Info.plist; sourceTree = "<group>"; };
		F4CAEE4C25DBAB5E005233AA /* CalendarDayCell.swift */ = {isa = PBXFileReference; lastKnownFileType = sourcecode.swift; path = CalendarDayCell.swift; sourceTree = "<group>"; };
		F4CAEE4D25DBAB5E005233AA /* CalendarDayCell.xib */ = {isa = PBXFileReference; lastKnownFileType = file.xib; path = CalendarDayCell.xib; sourceTree = "<group>"; };
		F4CAEE5225DBAC43005233AA /* CalendarCell.swift */ = {isa = PBXFileReference; lastKnownFileType = sourcecode.swift; path = CalendarCell.swift; sourceTree = "<group>"; };
		F4CAEE5925DBB01A005233AA /* Register.swift */ = {isa = PBXFileReference; lastKnownFileType = sourcecode.swift; path = Register.swift; sourceTree = "<group>"; };
		F93D7552A0A51E4240DBAA9E /* Pods-CalendarView.release.xcconfig */ = {isa = PBXFileReference; includeInIndex = 1; lastKnownFileType = text.xcconfig; name = "Pods-CalendarView.release.xcconfig"; path = "Target Support Files/Pods-CalendarView/Pods-CalendarView.release.xcconfig"; sourceTree = "<group>"; };
/* End PBXFileReference section */

/* Begin PBXFrameworksBuildPhase section */
		F4CAEE2C25DBA93D005233AA /* Frameworks */ = {
			isa = PBXFrameworksBuildPhase;
			buildActionMask = 2147483647;
			files = (
				68659EC1E67B038477EF18A9 /* Pods_CalendarView.framework in Frameworks */,
			);
			runOnlyForDeploymentPostprocessing = 0;
		};
/* End PBXFrameworksBuildPhase section */

/* Begin PBXGroup section */
		7982F9ED6AA787FBE7C0646E /* Frameworks */ = {
			isa = PBXGroup;
			children = (
				A0FB3E569971E64381BBFD28 /* Pods_CalendarView.framework */,
			);
			name = Frameworks;
			sourceTree = "<group>";
		};
		EDB5C5E6DB9592E8631D8D52 /* Pods */ = {
			isa = PBXGroup;
			children = (
				4E518D6E3FC4A886B5663154 /* Pods-CalendarView.debug.xcconfig */,
				F93D7552A0A51E4240DBAA9E /* Pods-CalendarView.release.xcconfig */,
			);
			path = Pods;
			sourceTree = "<group>";
		};
		F4CAEE2625DBA93D005233AA = {
			isa = PBXGroup;
			children = (
				F4CAEE3125DBA93D005233AA /* CalendarView */,
				F4CAEE3025DBA93D005233AA /* Products */,
				EDB5C5E6DB9592E8631D8D52 /* Pods */,
				7982F9ED6AA787FBE7C0646E /* Frameworks */,
			);
			sourceTree = "<group>";
		};
		F4CAEE3025DBA93D005233AA /* Products */ = {
			isa = PBXGroup;
			children = (
				F4CAEE2F25DBA93D005233AA /* CalendarView.app */,
			);
			name = Products;
			sourceTree = "<group>";
		};
		F4CAEE3125DBA93D005233AA /* CalendarView */ = {
			isa = PBXGroup;
			children = (
				F4CAEE5825DBB009005233AA /* Utill */,
				F4CAEE4B25DBAB19005233AA /* Cell */,
				F4CAEE3225DBA93D005233AA /* AppDelegate.swift */,
				F4CAEE3425DBA93D005233AA /* SceneDelegate.swift */,
				F4CAEE3625DBA93D005233AA /* ViewController.swift */,
				F4CAEE3825DBA93D005233AA /* Main.storyboard */,
				F4CAEE3B25DBA93F005233AA /* Assets.xcassets */,
				F4CAEE3D25DBA93F005233AA /* LaunchScreen.storyboard */,
				F4CAEE4025DBA93F005233AA /* Info.plist */,
			);
			path = CalendarView;
			sourceTree = "<group>";
		};
		F4CAEE4B25DBAB19005233AA /* Cell */ = {
			isa = PBXGroup;
			children = (
				F4CAEE4C25DBAB5E005233AA /* CalendarDayCell.swift */,
				F4CAEE4D25DBAB5E005233AA /* CalendarDayCell.xib */,
				F4CAEE5225DBAC43005233AA /* CalendarCell.swift */,
			);
			path = Cell;
			sourceTree = "<group>";
		};
		F4CAEE5825DBB009005233AA /* Utill */ = {
			isa = PBXGroup;
			children = (
				F4CAEE5925DBB01A005233AA /* Register.swift */,
			);
			path = Utill;
			sourceTree = "<group>";
		};
/* End PBXGroup section */

/* Begin PBXNativeTarget section */
		F4CAEE2E25DBA93D005233AA /* CalendarView */ = {
			isa = PBXNativeTarget;
			buildConfigurationList = F4CAEE4325DBA93F005233AA /* Build configuration list for PBXNativeTarget "CalendarView" */;
			buildPhases = (
				CE352A0BCA982D28EBDE6F8E /* [CP] Check Pods Manifest.lock */,
				F4CAEE2B25DBA93D005233AA /* Sources */,
				F4CAEE2C25DBA93D005233AA /* Frameworks */,
				F4CAEE2D25DBA93D005233AA /* Resources */,
				89AEE80B15CF11731AEF0DAE /* [CP] Embed Pods Frameworks */,
			);
			buildRules = (
			);
			dependencies = (
			);
			name = CalendarView;
			productName = CalendarView;
			productReference = F4CAEE2F25DBA93D005233AA /* CalendarView.app */;
			productType = "com.apple.product-type.application";
		};
/* End PBXNativeTarget section */

/* Begin PBXProject section */
		F4CAEE2725DBA93D005233AA /* Project object */ = {
			isa = PBXProject;
			attributes = {
				LastSwiftUpdateCheck = 1230;
				LastUpgradeCheck = 1230;
				TargetAttributes = {
					F4CAEE2E25DBA93D005233AA = {
						CreatedOnToolsVersion = 12.3;
					};
				};
			};
			buildConfigurationList = F4CAEE2A25DBA93D005233AA /* Build configuration list for PBXProject "CalendarView" */;
			compatibilityVersion = "Xcode 9.3";
			developmentRegion = en;
			hasScannedForEncodings = 0;
			knownRegions = (
				en,
				Base,
			);
			mainGroup = F4CAEE2625DBA93D005233AA;
			productRefGroup = F4CAEE3025DBA93D005233AA /* Products */;
			projectDirPath = "";
			projectRoot = "";
			targets = (
				F4CAEE2E25DBA93D005233AA /* CalendarView */,
			);
		};
/* End PBXProject section */

/* Begin PBXResourcesBuildPhase section */
		F4CAEE2D25DBA93D005233AA /* Resources */ = {
			isa = PBXResourcesBuildPhase;
			buildActionMask = 2147483647;
			files = (
				F4CAEE4F25DBAB5E005233AA /* CalendarDayCell.xib in Resources */,
				F4CAEE3F25DBA93F005233AA /* LaunchScreen.storyboard in Resources */,
				F4CAEE3C25DBA93F005233AA /* Assets.xcassets in Resources */,
				F4CAEE3A25DBA93D005233AA /* Main.storyboard in Resources */,
			);
			runOnlyForDeploymentPostprocessing = 0;
		};
/* End PBXResourcesBuildPhase section */

/* Begin PBXShellScriptBuildPhase section */
		89AEE80B15CF11731AEF0DAE /* [CP] Embed Pods Frameworks */ = {
			isa = PBXShellScriptBuildPhase;
			buildActionMask = 2147483647;
			files = (
			);
			inputFileListPaths = (
				"${PODS_ROOT}/Target Support Files/Pods-CalendarView/Pods-CalendarView-frameworks-${CONFIGURATION}-input-files.xcfilelist",
			);
			name = "[CP] Embed Pods Frameworks";
			outputFileListPaths = (
				"${PODS_ROOT}/Target Support Files/Pods-CalendarView/Pods-CalendarView-frameworks-${CONFIGURATION}-output-files.xcfilelist",
			);
			runOnlyForDeploymentPostprocessing = 0;
			shellPath = /bin/sh;
			shellScript = "\"${PODS_ROOT}/Target Support Files/Pods-CalendarView/Pods-CalendarView-frameworks.sh\"\n";
			showEnvVarsInLog = 0;
		};
		CE352A0BCA982D28EBDE6F8E /* [CP] Check Pods Manifest.lock */ = {
			isa = PBXShellScriptBuildPhase;
			buildActionMask = 2147483647;
			files = (
			);
			inputFileListPaths = (
			);
			inputPaths = (
				"${PODS_PODFILE_DIR_PATH}/Podfile.lock",
				"${PODS_ROOT}/Manifest.lock",
			);
			name = "[CP] Check Pods Manifest.lock";
			outputFileListPaths = (
			);
			outputPaths = (
				"$(DERIVED_FILE_DIR)/Pods-CalendarView-checkManifestLockResult.txt",
			);
			runOnlyForDeploymentPostprocessing = 0;
			shellPath = /bin/sh;
			shellScript = "diff \"${PODS_PODFILE_DIR_PATH}/Podfile.lock\" \"${PODS_ROOT}/Manifest.lock\" > /dev/null\nif [ $? != 0 ] ; then\n    # print error to STDERR\n    echo \"error: The sandbox is not in sync with the Podfile.lock. Run 'pod install' or update your CocoaPods installation.\" >&2\n    exit 1\nfi\n# This output is used by Xcode 'outputs' to avoid re-running this script phase.\necho \"SUCCESS\" > \"${SCRIPT_OUTPUT_FILE_0}\"\n";
			showEnvVarsInLog = 0;
		};
/* End PBXShellScriptBuildPhase section */

/* Begin PBXSourcesBuildPhase section */
		F4CAEE2B25DBA93D005233AA /* Sources */ = {
			isa = PBXSourcesBuildPhase;
			buildActionMask = 2147483647;
			files = (
				F4CAEE5A25DBB01A005233AA /* Register.swift in Sources */,
				F4CAEE4E25DBAB5E005233AA /* CalendarDayCell.swift in Sources */,
				F4CAEE3725DBA93D005233AA /* ViewController.swift in Sources */,
				F4CAEE3325DBA93D005233AA /* AppDelegate.swift in Sources */,
				F4CAEE3525DBA93D005233AA /* SceneDelegate.swift in Sources */,
				F4CAEE5325DBAC43005233AA /* CalendarCell.swift in Sources */,
			);
			runOnlyForDeploymentPostprocessing = 0;
		};
/* End PBXSourcesBuildPhase section */

/* Begin PBXVariantGroup section */
		F4CAEE3825DBA93D005233AA /* Main.storyboard */ = {
			isa = PBXVariantGroup;
			children = (
				F4CAEE3925DBA93D005233AA /* Base */,
			);
			name = Main.storyboard;
			sourceTree = "<group>";
		};
		F4CAEE3D25DBA93F005233AA /* LaunchScreen.storyboard */ = {
			isa = PBXVariantGroup;
			children = (
				F4CAEE3E25DBA93F005233AA /* Base */,
			);
			name = LaunchScreen.storyboard;
			sourceTree = "<group>";
		};
/* End PBXVariantGroup section */

/* Begin XCBuildConfiguration section */
		F4CAEE4125DBA93F005233AA /* Debug */ = {
			isa = XCBuildConfiguration;
			buildSettings = {
				ALWAYS_SEARCH_USER_PATHS = NO;
				CLANG_ANALYZER_NONNULL = YES;
				CLANG_ANALYZER_NUMBER_OBJECT_CONVERSION = YES_AGGRESSIVE;
				CLANG_CXX_LANGUAGE_STANDARD = "gnu++14";
				CLANG_CXX_LIBRARY = "libc++";
				CLANG_ENABLE_MODULES = YES;
				CLANG_ENABLE_OBJC_ARC = YES;
				CLANG_ENABLE_OBJC_WEAK = YES;
				CLANG_WARN_BLOCK_CAPTURE_AUTORELEASING = YES;
				CLANG_WARN_BOOL_CONVERSION = YES;
				CLANG_WARN_COMMA = YES;
				CLANG_WARN_CONSTANT_CONVERSION = YES;
				CLANG_WARN_DEPRECATED_OBJC_IMPLEMENTATIONS = YES;
				CLANG_WARN_DIRECT_OBJC_ISA_USAGE = YES_ERROR;
				CLANG_WARN_DOCUMENTATION_COMMENTS = YES;
				CLANG_WARN_EMPTY_BODY = YES;
				CLANG_WARN_ENUM_CONVERSION = YES;
				CLANG_WARN_INFINITE_RECURSION = YES;
				CLANG_WARN_INT_CONVERSION = YES;
				CLANG_WARN_NON_LITERAL_NULL_CONVERSION = YES;
				CLANG_WARN_OBJC_IMPLICIT_RETAIN_SELF = YES;
				CLANG_WARN_OBJC_LITERAL_CONVERSION = YES;
				CLANG_WARN_OBJC_ROOT_CLASS = YES_ERROR;
				CLANG_WARN_QUOTED_INCLUDE_IN_FRAMEWORK_HEADER = YES;
				CLANG_WARN_RANGE_LOOP_ANALYSIS = YES;
				CLANG_WARN_STRICT_PROTOTYPES = YES;
				CLANG_WARN_SUSPICIOUS_MOVE = YES;
				CLANG_WARN_UNGUARDED_AVAILABILITY = YES_AGGRESSIVE;
				CLANG_WARN_UNREACHABLE_CODE = YES;
				CLANG_WARN__DUPLICATE_METHOD_MATCH = YES;
				COPY_PHASE_STRIP = NO;
				DEBUG_INFORMATION_FORMAT = dwarf;
				ENABLE_STRICT_OBJC_MSGSEND = YES;
				ENABLE_TESTABILITY = YES;
				GCC_C_LANGUAGE_STANDARD = gnu11;
				GCC_DYNAMIC_NO_PIC = NO;
				GCC_NO_COMMON_BLOCKS = YES;
				GCC_OPTIMIZATION_LEVEL = 0;
				GCC_PREPROCESSOR_DEFINITIONS = (
					"DEBUG=1",
					"$(inherited)",
				);
				GCC_WARN_64_TO_32_BIT_CONVERSION = YES;
				GCC_WARN_ABOUT_RETURN_TYPE = YES_ERROR;
				GCC_WARN_UNDECLARED_SELECTOR = YES;
				GCC_WARN_UNINITIALIZED_AUTOS = YES_AGGRESSIVE;
				GCC_WARN_UNUSED_FUNCTION = YES;
				GCC_WARN_UNUSED_VARIABLE = YES;
				IPHONEOS_DEPLOYMENT_TARGET = 14.3;
				MTL_ENABLE_DEBUG_INFO = INCLUDE_SOURCE;
				MTL_FAST_MATH = YES;
				ONLY_ACTIVE_ARCH = YES;
				SDKROOT = iphoneos;
				SWIFT_ACTIVE_COMPILATION_CONDITIONS = DEBUG;
				SWIFT_OPTIMIZATION_LEVEL = "-Onone";
			};
			name = Debug;
		};
		F4CAEE4225DBA93F005233AA /* Release */ = {
			isa = XCBuildConfiguration;
			buildSettings = {
				ALWAYS_SEARCH_USER_PATHS = NO;
				CLANG_ANALYZER_NONNULL = YES;
				CLANG_ANALYZER_NUMBER_OBJECT_CONVERSION = YES_AGGRESSIVE;
				CLANG_CXX_LANGUAGE_STANDARD = "gnu++14";
				CLANG_CXX_LIBRARY = "libc++";
				CLANG_ENABLE_MODULES = YES;
				CLANG_ENABLE_OBJC_ARC = YES;
				CLANG_ENABLE_OBJC_WEAK = YES;
				CLANG_WARN_BLOCK_CAPTURE_AUTORELEASING = YES;
				CLANG_WARN_BOOL_CONVERSION = YES;
				CLANG_WARN_COMMA = YES;
				CLANG_WARN_CONSTANT_CONVERSION = YES;
				CLANG_WARN_DEPRECATED_OBJC_IMPLEMENTATIONS = YES;
				CLANG_WARN_DIRECT_OBJC_ISA_USAGE = YES_ERROR;
				CLANG_WARN_DOCUMENTATION_COMMENTS = YES;
				CLANG_WARN_EMPTY_BODY = YES;
				CLANG_WARN_ENUM_CONVERSION = YES;
				CLANG_WARN_INFINITE_RECURSION = YES;
				CLANG_WARN_INT_CONVERSION = YES;
				CLANG_WARN_NON_LITERAL_NULL_CONVERSION = YES;
				CLANG_WARN_OBJC_IMPLICIT_RETAIN_SELF = YES;
				CLANG_WARN_OBJC_LITERAL_CONVERSION = YES;
				CLANG_WARN_OBJC_ROOT_CLASS = YES_ERROR;
				CLANG_WARN_QUOTED_INCLUDE_IN_FRAMEWORK_HEADER = YES;
				CLANG_WARN_RANGE_LOOP_ANALYSIS = YES;
				CLANG_WARN_STRICT_PROTOTYPES = YES;
				CLANG_WARN_SUSPICIOUS_MOVE = YES;
				CLANG_WARN_UNGUARDED_AVAILABILITY = YES_AGGRESSIVE;
				CLANG_WARN_UNREACHABLE_CODE = YES;
				CLANG_WARN__DUPLICATE_METHOD_MATCH = YES;
				COPY_PHASE_STRIP = NO;
				DEBUG_INFORMATION_FORMAT = "dwarf-with-dsym";
				ENABLE_NS_ASSERTIONS = NO;
				ENABLE_STRICT_OBJC_MSGSEND = YES;
				GCC_C_LANGUAGE_STANDARD = gnu11;
				GCC_NO_COMMON_BLOCKS = YES;
				GCC_WARN_64_TO_32_BIT_CONVERSION = YES;
				GCC_WARN_ABOUT_RETURN_TYPE = YES_ERROR;
				GCC_WARN_UNDECLARED_SELECTOR = YES;
				GCC_WARN_UNINITIALIZED_AUTOS = YES_AGGRESSIVE;
				GCC_WARN_UNUSED_FUNCTION = YES;
				GCC_WARN_UNUSED_VARIABLE = YES;
				IPHONEOS_DEPLOYMENT_TARGET = 14.3;
				MTL_ENABLE_DEBUG_INFO = NO;
				MTL_FAST_MATH = YES;
				SDKROOT = iphoneos;
				SWIFT_COMPILATION_MODE = wholemodule;
				SWIFT_OPTIMIZATION_LEVEL = "-O";
				VALIDATE_PRODUCT = YES;
			};
			name = Release;
		};
		F4CAEE4425DBA93F005233AA /* Debug */ = {
			isa = XCBuildConfiguration;
			baseConfigurationReference = 4E518D6E3FC4A886B5663154 /* Pods-CalendarView.debug.xcconfig */;
			buildSettings = {
				ASSETCATALOG_COMPILER_APPICON_NAME = AppIcon;
				ASSETCATALOG_COMPILER_GLOBAL_ACCENT_COLOR_NAME = AccentColor;
				CODE_SIGN_STYLE = Automatic;
				DEVELOPMENT_TEAM = KRGCDU34JU;
				INFOPLIST_FILE = CalendarView/Info.plist;
				LD_RUNPATH_SEARCH_PATHS = (
					"$(inherited)",
					"@executable_path/Frameworks",
				);
				PRODUCT_BUNDLE_IDENTIFIER = com.CalendarView.CalendarView;
				PRODUCT_NAME = "$(TARGET_NAME)";
				SWIFT_VERSION = 5.0;
				TARGETED_DEVICE_FAMILY = "1,2";
			};
			name = Debug;
		};
		F4CAEE4525DBA93F005233AA /* Release */ = {
			isa = XCBuildConfiguration;
			baseConfigurationReference = F93D7552A0A51E4240DBAA9E /* Pods-CalendarView.release.xcconfig */;
			buildSettings = {
				ASSETCATALOG_COMPILER_APPICON_NAME = AppIcon;
				ASSETCATALOG_COMPILER_GLOBAL_ACCENT_COLOR_NAME = AccentColor;
				CODE_SIGN_STYLE = Automatic;
				DEVELOPMENT_TEAM = KRGCDU34JU;
				INFOPLIST_FILE = CalendarView/Info.plist;
				LD_RUNPATH_SEARCH_PATHS = (
					"$(inherited)",
					"@executable_path/Frameworks",
				);
				PRODUCT_BUNDLE_IDENTIFIER = com.CalendarView.CalendarView;
				PRODUCT_NAME = "$(TARGET_NAME)";
				SWIFT_VERSION = 5.0;
				TARGETED_DEVICE_FAMILY = "1,2";
			};
			name = Release;
		};
/* End XCBuildConfiguration section */

/* Begin XCConfigurationList section */
		F4CAEE2A25DBA93D005233AA /* Build configuration list for PBXProject "CalendarView" */ = {
			isa = XCConfigurationList;
			buildConfigurations = (
				F4CAEE4125DBA93F005233AA /* Debug */,
				F4CAEE4225DBA93F005233AA /* Release */,
			);
			defaultConfigurationIsVisible = 0;
			defaultConfigurationName = Release;
		};
		F4CAEE4325DBA93F005233AA /* Build configuration list for PBXNativeTarget "CalendarView" */ = {
			isa = XCConfigurationList;
			buildConfigurations = (
				F4CAEE4425DBA93F005233AA /* Debug */,
				F4CAEE4525DBA93F005233AA /* Release */,
			);
			defaultConfigurationIsVisible = 0;
			defaultConfigurationName = Release;
		};
/* End XCConfigurationList section */
	};
	rootObject = F4CAEE2725DBA93D005233AA /* Project object */;
}
